{
  "name": "DynamoDB",
  "version": "3.2.2",
  "lockfileVersion": 1,
  "requires": true,
  "dependencies": {
    "@aws-crypto/crc32": {
      "version": "3.0.0",
      "resolved": "https://registry.npmjs.org/@aws-crypto/crc32/-/crc32-3.0.0.tgz",
      "integrity": "sha512-IzSgsrxUcsrejQbPVilIKy16kAT52EwB6zSaI+M3xxIhKh5+aldEyvI+z6erM7TCLB2BJsFrtHjp6/4/sr+3dA==",
      "requires": {
        "@aws-crypto/util": "^3.0.0",
        "@aws-sdk/types": "^3.222.0",
        "tslib": "^1.11.1"
      },
      "dependencies": {
        "tslib": {
          "version": "1.14.1",
          "resolved": "https://registry.npmjs.org/tslib/-/tslib-1.14.1.tgz",
          "integrity": "sha512-Xni35NKzjgMrwevysHTCArtLDpPvye8zV/0E4EyYn43P7/7qvQwPh9BGkHewbMulVntbigmcT7rdX3BNo9wRJg=="
        }
      }
    },
    "@aws-crypto/ie11-detection": {
      "version": "3.0.0",
      "resolved": "https://registry.npmjs.org/@aws-crypto/ie11-detection/-/ie11-detection-3.0.0.tgz",
      "integrity": "sha512-341lBBkiY1DfDNKai/wXM3aujNBkXR7tq1URPQDL9wi3AUbI80NR74uF1TXHMm7po1AcnFk8iu2S2IeU/+/A+Q==",
      "requires": {
        "tslib": "^1.11.1"
      },
      "dependencies": {
        "tslib": {
          "version": "1.14.1",
          "resolved": "https://registry.npmjs.org/tslib/-/tslib-1.14.1.tgz",
          "integrity": "sha512-Xni35NKzjgMrwevysHTCArtLDpPvye8zV/0E4EyYn43P7/7qvQwPh9BGkHewbMulVntbigmcT7rdX3BNo9wRJg=="
        }
      }
    },
    "@aws-crypto/sha256-browser": {
      "version": "3.0.0",
      "resolved": "https://registry.npmjs.org/@aws-crypto/sha256-browser/-/sha256-browser-3.0.0.tgz",
      "integrity": "sha512-8VLmW2B+gjFbU5uMeqtQM6Nj0/F1bro80xQXCW6CQBWgosFWXTx77aeOF5CAIAmbOK64SdMBJdNr6J41yP5mvQ==",
      "requires": {
        "@aws-crypto/ie11-detection": "^3.0.0",
        "@aws-crypto/sha256-js": "^3.0.0",
        "@aws-crypto/supports-web-crypto": "^3.0.0",
        "@aws-crypto/util": "^3.0.0",
        "@aws-sdk/types": "^3.222.0",
        "@aws-sdk/util-locate-window": "^3.0.0",
        "@aws-sdk/util-utf8-browser": "^3.0.0",
        "tslib": "^1.11.1"
      },
      "dependencies": {
        "tslib": {
          "version": "1.14.1",
          "resolved": "https://registry.npmjs.org/tslib/-/tslib-1.14.1.tgz",
          "integrity": "sha512-Xni35NKzjgMrwevysHTCArtLDpPvye8zV/0E4EyYn43P7/7qvQwPh9BGkHewbMulVntbigmcT7rdX3BNo9wRJg=="
        }
      }
    },
    "@aws-crypto/sha256-js": {
      "version": "3.0.0",
      "resolved": "https://registry.npmjs.org/@aws-crypto/sha256-js/-/sha256-js-3.0.0.tgz",
      "integrity": "sha512-PnNN7os0+yd1XvXAy23CFOmTbMaDxgxXtTKHybrJ39Y8kGzBATgBFibWJKH6BhytLI/Zyszs87xCOBNyBig6vQ==",
      "requires": {
        "@aws-crypto/util": "^3.0.0",
        "@aws-sdk/types": "^3.222.0",
        "tslib": "^1.11.1"
      },
      "dependencies": {
        "tslib": {
          "version": "1.14.1",
          "resolved": "https://registry.npmjs.org/tslib/-/tslib-1.14.1.tgz",
          "integrity": "sha512-Xni35NKzjgMrwevysHTCArtLDpPvye8zV/0E4EyYn43P7/7qvQwPh9BGkHewbMulVntbigmcT7rdX3BNo9wRJg=="
        }
      }
    },
    "@aws-crypto/supports-web-crypto": {
      "version": "3.0.0",
      "resolved": "https://registry.npmjs.org/@aws-crypto/supports-web-crypto/-/supports-web-crypto-3.0.0.tgz",
      "integrity": "sha512-06hBdMwUAb2WFTuGG73LSC0wfPu93xWwo5vL2et9eymgmu3Id5vFAHBbajVWiGhPO37qcsdCap/FqXvJGJWPIg==",
      "requires": {
        "tslib": "^1.11.1"
      },
      "dependencies": {
        "tslib": {
          "version": "1.14.1",
          "resolved": "https://registry.npmjs.org/tslib/-/tslib-1.14.1.tgz",
          "integrity": "sha512-Xni35NKzjgMrwevysHTCArtLDpPvye8zV/0E4EyYn43P7/7qvQwPh9BGkHewbMulVntbigmcT7rdX3BNo9wRJg=="
        }
      }
    },
    "@aws-crypto/util": {
      "version": "3.0.0",
      "resolved": "https://registry.npmjs.org/@aws-crypto/util/-/util-3.0.0.tgz",
      "integrity": "sha512-2OJlpeJpCR48CC8r+uKVChzs9Iungj9wkZrl8Z041DWEWvyIHILYKCPNzJghKsivj+S3mLo6BVc7mBNzdxA46w==",
      "requires": {
        "@aws-sdk/types": "^3.222.0",
        "@aws-sdk/util-utf8-browser": "^3.0.0",
        "tslib": "^1.11.1"
      },
      "dependencies": {
        "tslib": {
          "version": "1.14.1",
          "resolved": "https://registry.npmjs.org/tslib/-/tslib-1.14.1.tgz",
          "integrity": "sha512-Xni35NKzjgMrwevysHTCArtLDpPvye8zV/0E4EyYn43P7/7qvQwPh9BGkHewbMulVntbigmcT7rdX3BNo9wRJg=="
        }
      }
    },
    "@aws-sdk/client-dynamodb": {
      "version": "3.481.0",
      "resolved": "https://registry.npmjs.org/@aws-sdk/client-dynamodb/-/client-dynamodb-3.481.0.tgz",
      "integrity": "sha512-u0RsYgAE9CmykwEwydQgWKL7/PX0JQlmytMfntsmgkU0VenhQk/DctzWGpvkZpQasIFtOihhlhXPV0xcZIaN/g==",
      "requires": {
        "@aws-crypto/sha256-browser": "3.0.0",
        "@aws-crypto/sha256-js": "3.0.0",
        "@aws-sdk/client-sts": "3.481.0",
        "@aws-sdk/core": "3.481.0",
        "@aws-sdk/credential-provider-node": "3.481.0",
        "@aws-sdk/middleware-endpoint-discovery": "3.470.0",
        "@aws-sdk/middleware-host-header": "3.468.0",
        "@aws-sdk/middleware-logger": "3.468.0",
        "@aws-sdk/middleware-recursion-detection": "3.468.0",
        "@aws-sdk/middleware-user-agent": "3.478.0",
        "@aws-sdk/region-config-resolver": "3.470.0",
        "@aws-sdk/types": "3.468.0",
        "@aws-sdk/util-endpoints": "3.478.0",
        "@aws-sdk/util-user-agent-browser": "3.468.0",
        "@aws-sdk/util-user-agent-node": "3.470.0",
        "@smithy/config-resolver": "^2.0.21",
        "@smithy/core": "^1.2.1",
        "@smithy/fetch-http-handler": "^2.3.1",
        "@smithy/hash-node": "^2.0.17",
        "@smithy/invalid-dependency": "^2.0.15",
        "@smithy/middleware-content-length": "^2.0.17",
        "@smithy/middleware-endpoint": "^2.2.3",
        "@smithy/middleware-retry": "^2.0.25",
        "@smithy/middleware-serde": "^2.0.15",
        "@smithy/middleware-stack": "^2.0.9",
        "@smithy/node-config-provider": "^2.1.8",
        "@smithy/node-http-handler": "^2.2.1",
        "@smithy/protocol-http": "^3.0.11",
        "@smithy/smithy-client": "^2.2.0",
        "@smithy/types": "^2.7.0",
        "@smithy/url-parser": "^2.0.15",
        "@smithy/util-base64": "^2.0.1",
        "@smithy/util-body-length-browser": "^2.0.1",
        "@smithy/util-body-length-node": "^2.1.0",
        "@smithy/util-defaults-mode-browser": "^2.0.23",
        "@smithy/util-defaults-mode-node": "^2.0.30",
        "@smithy/util-endpoints": "^1.0.7",
        "@smithy/util-middleware": "^2.0.8",
        "@smithy/util-retry": "^2.0.8",
        "@smithy/util-utf8": "^2.0.2",
        "@smithy/util-waiter": "^2.0.15",
        "tslib": "^2.5.0",
        "uuid": "^8.3.2"
      }
    },
    "@aws-sdk/client-sso": {
      "version": "3.481.0",
      "resolved": "https://registry.npmjs.org/@aws-sdk/client-sso/-/client-sso-3.481.0.tgz",
      "integrity": "sha512-d+crFfW8HSDXa68MSfMDX6LH0J22P29SxJW4IGgRZKwHWEaSf4UjOP0mjA4V26R50suAV052/WBY6LjtGsZsHg==",
      "requires": {
        "@aws-crypto/sha256-browser": "3.0.0",
        "@aws-crypto/sha256-js": "3.0.0",
        "@aws-sdk/core": "3.481.0",
        "@aws-sdk/middleware-host-header": "3.468.0",
        "@aws-sdk/middleware-logger": "3.468.0",
        "@aws-sdk/middleware-recursion-detection": "3.468.0",
        "@aws-sdk/middleware-user-agent": "3.478.0",
        "@aws-sdk/region-config-resolver": "3.470.0",
        "@aws-sdk/types": "3.468.0",
        "@aws-sdk/util-endpoints": "3.478.0",
        "@aws-sdk/util-user-agent-browser": "3.468.0",
        "@aws-sdk/util-user-agent-node": "3.470.0",
        "@smithy/config-resolver": "^2.0.21",
        "@smithy/core": "^1.2.1",
        "@smithy/fetch-http-handler": "^2.3.1",
        "@smithy/hash-node": "^2.0.17",
        "@smithy/invalid-dependency": "^2.0.15",
        "@smithy/middleware-content-length": "^2.0.17",
        "@smithy/middleware-endpoint": "^2.2.3",
        "@smithy/middleware-retry": "^2.0.25",
        "@smithy/middleware-serde": "^2.0.15",
        "@smithy/middleware-stack": "^2.0.9",
        "@smithy/node-config-provider": "^2.1.8",
        "@smithy/node-http-handler": "^2.2.1",
        "@smithy/protocol-http": "^3.0.11",
        "@smithy/smithy-client": "^2.2.0",
        "@smithy/types": "^2.7.0",
        "@smithy/url-parser": "^2.0.15",
        "@smithy/util-base64": "^2.0.1",
        "@smithy/util-body-length-browser": "^2.0.1",
        "@smithy/util-body-length-node": "^2.1.0",
        "@smithy/util-defaults-mode-browser": "^2.0.23",
        "@smithy/util-defaults-mode-node": "^2.0.30",
        "@smithy/util-endpoints": "^1.0.7",
        "@smithy/util-retry": "^2.0.8",
        "@smithy/util-utf8": "^2.0.2",
        "tslib": "^2.5.0"
      }
    },
    "@aws-sdk/client-sts": {
      "version": "3.481.0",
      "resolved": "https://registry.npmjs.org/@aws-sdk/client-sts/-/client-sts-3.481.0.tgz",
      "integrity": "sha512-GSnJiceKpwLSEW5q2KRu9zHNJgtYysiy9Xkey0EKLKCdDRdM62yCJEFerAbvRRVJsF2LTSrmBmUl2zWB5RT8mw==",
      "requires": {
        "@aws-crypto/sha256-browser": "3.0.0",
        "@aws-crypto/sha256-js": "3.0.0",
        "@aws-sdk/core": "3.481.0",
        "@aws-sdk/credential-provider-node": "3.481.0",
        "@aws-sdk/middleware-host-header": "3.468.0",
        "@aws-sdk/middleware-logger": "3.468.0",
        "@aws-sdk/middleware-recursion-detection": "3.468.0",
        "@aws-sdk/middleware-user-agent": "3.478.0",
        "@aws-sdk/region-config-resolver": "3.470.0",
        "@aws-sdk/types": "3.468.0",
        "@aws-sdk/util-endpoints": "3.478.0",
        "@aws-sdk/util-user-agent-browser": "3.468.0",
        "@aws-sdk/util-user-agent-node": "3.470.0",
        "@smithy/config-resolver": "^2.0.21",
        "@smithy/core": "^1.2.1",
        "@smithy/fetch-http-handler": "^2.3.1",
        "@smithy/hash-node": "^2.0.17",
        "@smithy/invalid-dependency": "^2.0.15",
        "@smithy/middleware-content-length": "^2.0.17",
        "@smithy/middleware-endpoint": "^2.2.3",
        "@smithy/middleware-retry": "^2.0.25",
        "@smithy/middleware-serde": "^2.0.15",
        "@smithy/middleware-stack": "^2.0.9",
        "@smithy/node-config-provider": "^2.1.8",
        "@smithy/node-http-handler": "^2.2.1",
        "@smithy/protocol-http": "^3.0.11",
        "@smithy/smithy-client": "^2.2.0",
        "@smithy/types": "^2.7.0",
        "@smithy/url-parser": "^2.0.15",
        "@smithy/util-base64": "^2.0.1",
        "@smithy/util-body-length-browser": "^2.0.1",
        "@smithy/util-body-length-node": "^2.1.0",
        "@smithy/util-defaults-mode-browser": "^2.0.23",
        "@smithy/util-defaults-mode-node": "^2.0.30",
        "@smithy/util-endpoints": "^1.0.7",
        "@smithy/util-middleware": "^2.0.8",
        "@smithy/util-retry": "^2.0.8",
        "@smithy/util-utf8": "^2.0.2",
        "fast-xml-parser": "4.2.5",
        "tslib": "^2.5.0"
      }
    },
    "@aws-sdk/core": {
      "version": "3.481.0",
      "resolved": "https://registry.npmjs.org/@aws-sdk/core/-/core-3.481.0.tgz",
      "integrity": "sha512-UeyAc2FnWQDts81vPVBWKEj0WagYK4SVAgNfGcg6zCzzqsUG4unr4NPKQoca2L+XOU55yMCy+5l2K6R3YsFGKg==",
      "requires": {
        "@smithy/core": "^1.2.1",
        "@smithy/protocol-http": "^3.0.11",
        "@smithy/signature-v4": "^2.0.0",
        "@smithy/smithy-client": "^2.2.0",
        "@smithy/types": "^2.7.0",
        "tslib": "^2.5.0"
      }
    },
    "@aws-sdk/credential-provider-env": {
      "version": "3.468.0",
      "resolved": "https://registry.npmjs.org/@aws-sdk/credential-provider-env/-/credential-provider-env-3.468.0.tgz",
      "integrity": "sha512-k/1WHd3KZn0EQYjadooj53FC0z24/e4dUZhbSKTULgmxyO62pwh9v3Brvw4WRa/8o2wTffU/jo54tf4vGuP/ZA==",
      "requires": {
        "@aws-sdk/types": "3.468.0",
        "@smithy/property-provider": "^2.0.0",
        "@smithy/types": "^2.7.0",
        "tslib": "^2.5.0"
      }
    },
    "@aws-sdk/credential-provider-ini": {
      "version": "3.481.0",
      "resolved": "https://registry.npmjs.org/@aws-sdk/credential-provider-ini/-/credential-provider-ini-3.481.0.tgz",
      "integrity": "sha512-QXMlILewLV/yQHkyjXsu7PhvmTZIDAaQ4uAfhjnqbH1B8mErRpZKkzHWwp4yeZdTcHfenTVqoTnx9WDa+SnK/Q==",
      "requires": {
        "@aws-sdk/credential-provider-env": "3.468.0",
        "@aws-sdk/credential-provider-process": "3.468.0",
        "@aws-sdk/credential-provider-sso": "3.481.0",
        "@aws-sdk/credential-provider-web-identity": "3.468.0",
        "@aws-sdk/types": "3.468.0",
        "@smithy/credential-provider-imds": "^2.0.0",
        "@smithy/property-provider": "^2.0.0",
        "@smithy/shared-ini-file-loader": "^2.0.6",
        "@smithy/types": "^2.7.0",
        "tslib": "^2.5.0"
      }
    },
    "@aws-sdk/credential-provider-node": {
      "version": "3.481.0",
      "resolved": "https://registry.npmjs.org/@aws-sdk/credential-provider-node/-/credential-provider-node-3.481.0.tgz",
      "integrity": "sha512-148Ztn2FjlS3VdGWJnAMjuXiZ55/tD823I/koawgp80LnDqMiKfmSGAioXIikqaBHl40K7ZvtBMqP/n/6GM41A==",
      "requires": {
        "@aws-sdk/credential-provider-env": "3.468.0",
        "@aws-sdk/credential-provider-ini": "3.481.0",
        "@aws-sdk/credential-provider-process": "3.468.0",
        "@aws-sdk/credential-provider-sso": "3.481.0",
        "@aws-sdk/credential-provider-web-identity": "3.468.0",
        "@aws-sdk/types": "3.468.0",
        "@smithy/credential-provider-imds": "^2.0.0",
        "@smithy/property-provider": "^2.0.0",
        "@smithy/shared-ini-file-loader": "^2.0.6",
        "@smithy/types": "^2.7.0",
        "tslib": "^2.5.0"
      }
    },
    "@aws-sdk/credential-provider-process": {
      "version": "3.468.0",
      "resolved": "https://registry.npmjs.org/@aws-sdk/credential-provider-process/-/credential-provider-process-3.468.0.tgz",
      "integrity": "sha512-OYSn1A/UsyPJ7Z8Q2cNhTf55O36shPmSsvOfND04nSfu1nPaR+VUvvsP7v+brhGpwC/GAKTIdGAo4blH31BS6A==",
      "requires": {
        "@aws-sdk/types": "3.468.0",
        "@smithy/property-provider": "^2.0.0",
        "@smithy/shared-ini-file-loader": "^2.0.6",
        "@smithy/types": "^2.7.0",
        "tslib": "^2.5.0"
      }
    },
    "@aws-sdk/credential-provider-sso": {
      "version": "3.481.0",
      "resolved": "https://registry.npmjs.org/@aws-sdk/credential-provider-sso/-/credential-provider-sso-3.481.0.tgz",
      "integrity": "sha512-3MrSIQPQDOxhZDppC2XpOLVfuUm7iqRfTrwjSYGeWc//pUZtUI7nMXYjEDL+li5gvasw1lYfYX3VHNdwNnvyOQ==",
      "requires": {
        "@aws-sdk/client-sso": "3.481.0",
        "@aws-sdk/token-providers": "3.481.0",
        "@aws-sdk/types": "3.468.0",
        "@smithy/property-provider": "^2.0.0",
        "@smithy/shared-ini-file-loader": "^2.0.6",
        "@smithy/types": "^2.7.0",
        "tslib": "^2.5.0"
      }
    },
    "@aws-sdk/credential-provider-web-identity": {
      "version": "3.468.0",
      "resolved": "https://registry.npmjs.org/@aws-sdk/credential-provider-web-identity/-/credential-provider-web-identity-3.468.0.tgz",
      "integrity": "sha512-rexymPmXjtkwCPfhnUq3EjO1rSkf39R4Jz9CqiM7OsqK2qlT5Y/V3gnMKn0ZMXsYaQOMfM3cT5xly5R+OKDHlw==",
      "requires": {
        "@aws-sdk/types": "3.468.0",
        "@smithy/property-provider": "^2.0.0",
        "@smithy/types": "^2.7.0",
        "tslib": "^2.5.0"
      }
    },
    "@aws-sdk/endpoint-cache": {
      "version": "3.465.0",
      "resolved": "https://registry.npmjs.org/@aws-sdk/endpoint-cache/-/endpoint-cache-3.465.0.tgz",
      "integrity": "sha512-0cuotk23hVSrqxHkJ3TTWC9MVMRgwlUvCatyegJEauJnk8kpLSGXE5KVdExlUBwShGNlj7ac29okZ9m17iTi5Q==",
      "requires": {
        "mnemonist": "0.38.3",
        "tslib": "^2.5.0"
      }
    },
    "@aws-sdk/middleware-endpoint-discovery": {
      "version": "3.470.0",
      "resolved": "https://registry.npmjs.org/@aws-sdk/middleware-endpoint-discovery/-/middleware-endpoint-discovery-3.470.0.tgz",
      "integrity": "sha512-pN+3Y7W3Xvs6pE2RlkXmO7ugOGLXsGR3zJI/fiGOLoCOGESuM3fq3CXdasOl76wch0L9iB1lPmoHMabkxKugGQ==",
      "requires": {
        "@aws-sdk/endpoint-cache": "3.465.0",
        "@aws-sdk/types": "3.468.0",
        "@smithy/node-config-provider": "^2.1.8",
        "@smithy/protocol-http": "^3.0.11",
        "@smithy/types": "^2.7.0",
        "tslib": "^2.5.0"
      }
    },
    "@aws-sdk/middleware-host-header": {
      "version": "3.468.0",
      "resolved": "https://registry.npmjs.org/@aws-sdk/middleware-host-header/-/middleware-host-header-3.468.0.tgz",
      "integrity": "sha512-gwQ+/QhX+lhof304r6zbZ/V5l5cjhGRxLL3CjH1uJPMcOAbw9wUlMdl+ibr8UwBZ5elfKFGiB1cdW/0uMchw0w==",
      "requires": {
        "@aws-sdk/types": "3.468.0",
        "@smithy/protocol-http": "^3.0.11",
        "@smithy/types": "^2.7.0",
        "tslib": "^2.5.0"
      }
    },
    "@aws-sdk/middleware-logger": {
      "version": "3.468.0",
      "resolved": "https://registry.npmjs.org/@aws-sdk/middleware-logger/-/middleware-logger-3.468.0.tgz",
      "integrity": "sha512-X5XHKV7DHRXI3f29SAhJPe/OxWRFgDWDMMCALfzhmJfCi6Jfh0M14cJKoC+nl+dk9lB+36+jKjhjETZaL2bPlA==",
      "requires": {
        "@aws-sdk/types": "3.468.0",
        "@smithy/types": "^2.7.0",
        "tslib": "^2.5.0"
      }
    },
    "@aws-sdk/middleware-recursion-detection": {
      "version": "3.468.0",
      "resolved": "https://registry.npmjs.org/@aws-sdk/middleware-recursion-detection/-/middleware-recursion-detection-3.468.0.tgz",
      "integrity": "sha512-vch9IQib2Ng9ucSyRW2eKNQXHUPb5jUPCLA5otTW/8nGjcOU37LxQG4WrxO7uaJ9Oe8hjHO+hViE3P0KISUhtA==",
      "requires": {
        "@aws-sdk/types": "3.468.0",
        "@smithy/protocol-http": "^3.0.11",
        "@smithy/types": "^2.7.0",
        "tslib": "^2.5.0"
      }
    },
    "@aws-sdk/middleware-user-agent": {
      "version": "3.478.0",
      "resolved": "https://registry.npmjs.org/@aws-sdk/middleware-user-agent/-/middleware-user-agent-3.478.0.tgz",
      "integrity": "sha512-Rec+nAPIzzwxgHPW+xqY6tooJGFOytpYg/xSRv8/IXl3xKGhmpMGs6gDWzmMBv/qy5nKTvLph/csNWJ98GWXCw==",
      "requires": {
        "@aws-sdk/types": "3.468.0",
        "@aws-sdk/util-endpoints": "3.478.0",
        "@smithy/protocol-http": "^3.0.11",
        "@smithy/types": "^2.7.0",
        "tslib": "^2.5.0"
      }
    },
    "@aws-sdk/region-config-resolver": {
      "version": "3.470.0",
      "resolved": "https://registry.npmjs.org/@aws-sdk/region-config-resolver/-/region-config-resolver-3.470.0.tgz",
      "integrity": "sha512-C1o1J06iIw8cyAAOvHqT4Bbqf+PgQ/RDlSyjt2gFfP2OovDpc2o2S90dE8f8iZdSGpg70N5MikT1DBhW9NbhtQ==",
      "requires": {
        "@smithy/node-config-provider": "^2.1.8",
        "@smithy/types": "^2.7.0",
        "@smithy/util-config-provider": "^2.0.0",
        "@smithy/util-middleware": "^2.0.8",
        "tslib": "^2.5.0"
      }
    },
    "@aws-sdk/token-providers": {
      "version": "3.481.0",
      "resolved": "https://registry.npmjs.org/@aws-sdk/token-providers/-/token-providers-3.481.0.tgz",
      "integrity": "sha512-G4ObHF2A/FlvQG7Lb/2sjuklG89IiH3TI1EiNZSzgu6TvY904Js72Slldls4VeJLY2zAnZgyZ9903pBMkDrcxQ==",
      "requires": {
        "@aws-crypto/sha256-browser": "3.0.0",
        "@aws-crypto/sha256-js": "3.0.0",
        "@aws-sdk/middleware-host-header": "3.468.0",
        "@aws-sdk/middleware-logger": "3.468.0",
        "@aws-sdk/middleware-recursion-detection": "3.468.0",
        "@aws-sdk/middleware-user-agent": "3.478.0",
        "@aws-sdk/region-config-resolver": "3.470.0",
        "@aws-sdk/types": "3.468.0",
        "@aws-sdk/util-endpoints": "3.478.0",
        "@aws-sdk/util-user-agent-browser": "3.468.0",
        "@aws-sdk/util-user-agent-node": "3.470.0",
        "@smithy/config-resolver": "^2.0.21",
        "@smithy/fetch-http-handler": "^2.3.1",
        "@smithy/hash-node": "^2.0.17",
        "@smithy/invalid-dependency": "^2.0.15",
        "@smithy/middleware-content-length": "^2.0.17",
        "@smithy/middleware-endpoint": "^2.2.3",
        "@smithy/middleware-retry": "^2.0.25",
        "@smithy/middleware-serde": "^2.0.15",
        "@smithy/middleware-stack": "^2.0.9",
        "@smithy/node-config-provider": "^2.1.8",
        "@smithy/node-http-handler": "^2.2.1",
        "@smithy/property-provider": "^2.0.0",
        "@smithy/protocol-http": "^3.0.11",
        "@smithy/shared-ini-file-loader": "^2.0.6",
        "@smithy/smithy-client": "^2.2.0",
        "@smithy/types": "^2.7.0",
        "@smithy/url-parser": "^2.0.15",
        "@smithy/util-base64": "^2.0.1",
        "@smithy/util-body-length-browser": "^2.0.1",
        "@smithy/util-body-length-node": "^2.1.0",
        "@smithy/util-defaults-mode-browser": "^2.0.23",
        "@smithy/util-defaults-mode-node": "^2.0.30",
        "@smithy/util-endpoints": "^1.0.7",
        "@smithy/util-retry": "^2.0.8",
        "@smithy/util-utf8": "^2.0.2",
        "tslib": "^2.5.0"
      }
    },
    "@aws-sdk/types": {
      "version": "3.468.0",
      "resolved": "https://registry.npmjs.org/@aws-sdk/types/-/types-3.468.0.tgz",
      "integrity": "sha512-rx/9uHI4inRbp2tw3Y4Ih4PNZkVj32h7WneSg3MVgVjAoVD5Zti9KhS5hkvsBxfgmQmg0AQbE+b1sy5WGAgntA==",
      "requires": {
        "@smithy/types": "^2.7.0",
        "tslib": "^2.5.0"
      }
    },
    "@aws-sdk/util-dynamodb": {
      "version": "3.200.0",
      "resolved": "https://registry.npmjs.org/@aws-sdk/util-dynamodb/-/util-dynamodb-3.200.0.tgz",
      "integrity": "sha512-BD1yFHmxwWwNvq5qAwxynVXqlSXN5KK678huKHclJeWNK3/6ogROH3gzuGGiLpPCq2hcWTkOaVWnuDaid8O3LQ==",
      "requires": {
        "tslib": "^2.3.1"
      }
    },
    "@aws-sdk/util-endpoints": {
      "version": "3.478.0",
      "resolved": "https://registry.npmjs.org/@aws-sdk/util-endpoints/-/util-endpoints-3.478.0.tgz",
      "integrity": "sha512-u9Mcg3euGJGs5clPt9mBuhBjHiEKiD0PnfvArhfq9i+dcY5mbCq/i1Dezp3iv1fZH9xxQt7hPXDfSpt1yUSM6g==",
      "requires": {
        "@aws-sdk/types": "3.468.0",
        "@smithy/util-endpoints": "^1.0.7",
        "tslib": "^2.5.0"
      }
    },
    "@aws-sdk/util-locate-window": {
      "version": "3.188.0",
      "resolved": "https://registry.npmjs.org/@aws-sdk/util-locate-window/-/util-locate-window-3.188.0.tgz",
      "integrity": "sha512-SxobBVLZkkLSawTCfeQnhVX3Azm9O+C2dngZVe1+BqtF8+retUbVTs7OfYeWBlawVkULKF2e781lTzEHBBjCzw==",
      "requires": {
        "tslib": "^2.3.1"
      }
    },
    "@aws-sdk/util-user-agent-browser": {
      "version": "3.468.0",
      "resolved": "https://registry.npmjs.org/@aws-sdk/util-user-agent-browser/-/util-user-agent-browser-3.468.0.tgz",
      "integrity": "sha512-OJyhWWsDEizR3L+dCgMXSUmaCywkiZ7HSbnQytbeKGwokIhD69HTiJcibF/sgcM5gk4k3Mq3puUhGnEZ46GIig==",
      "requires": {
        "@aws-sdk/types": "3.468.0",
        "@smithy/types": "^2.7.0",
        "bowser": "^2.11.0",
        "tslib": "^2.5.0"
      }
    },
    "@aws-sdk/util-user-agent-node": {
      "version": "3.470.0",
      "resolved": "https://registry.npmjs.org/@aws-sdk/util-user-agent-node/-/util-user-agent-node-3.470.0.tgz",
      "integrity": "sha512-QxsZ9iVHcBB/XRdYvwfM5AMvNp58HfqkIrH88mY0cmxuvtlIGDfWjczdDrZMJk9y0vIq+cuoCHsGXHu7PyiEAQ==",
      "requires": {
        "@aws-sdk/types": "3.468.0",
        "@smithy/node-config-provider": "^2.1.8",
        "@smithy/types": "^2.7.0",
        "tslib": "^2.5.0"
      }
    },
    "@aws-sdk/util-utf8-browser": {
      "version": "3.259.0",
      "resolved": "https://registry.npmjs.org/@aws-sdk/util-utf8-browser/-/util-utf8-browser-3.259.0.tgz",
      "integrity": "sha512-UvFa/vR+e19XookZF8RzFZBrw2EUkQWxiBW0yYQAhvk3C+QVGl0H3ouca8LDBlBfQKXwmW3huo/59H8rwb1wJw==",
      "requires": {
        "tslib": "^2.3.1"
      }
    },
    "@smithy/abort-controller": {
      "version": "2.1.0",
      "resolved": "https://registry.npmjs.org/@smithy/abort-controller/-/abort-controller-2.1.0.tgz",
      "integrity": "sha512-fyPlWpzXyKzDVRRMUbsfH7AV/2xX+dyZ5RqeEo6Hjz9YUvDMGVSnm88iHH0zqZ+XmH4+sH4+mhwRL76HXX65uw==",
      "requires": {
        "@smithy/types": "^2.9.0",
        "tslib": "^2.5.0"
      }
    },
    "@smithy/config-resolver": {
      "version": "2.1.0",
      "resolved": "https://registry.npmjs.org/@smithy/config-resolver/-/config-resolver-2.1.0.tgz",
      "integrity": "sha512-NcR1Hw2uZgwHT7/KFsQH76YHb/mNGLFu+hS0ODnoFUpViE8ddIVOXm/8sgwdh0QvFPtWGzPn0Wcp19Cm31wv2A==",
      "requires": {
        "@smithy/node-config-provider": "^2.2.0",
        "@smithy/types": "^2.9.0",
        "@smithy/util-config-provider": "^2.2.0",
        "@smithy/util-middleware": "^2.1.0",
        "tslib": "^2.5.0"
      }
    },
    "@smithy/core": {
      "version": "1.3.0",
      "resolved": "https://registry.npmjs.org/@smithy/core/-/core-1.3.0.tgz",
      "integrity": "sha512-XoU9eiICwhxZIyAdugijyD/YqsumDQ3FgGyFSJibO60qoUkdfMGSjnIvrTemjFBdnDsj4B26F/ZRxSR3PUJbJQ==",
      "requires": {
        "@smithy/middleware-endpoint": "^2.4.0",
        "@smithy/middleware-retry": "^2.1.0",
        "@smithy/middleware-serde": "^2.1.0",
        "@smithy/protocol-http": "^3.1.0",
        "@smithy/smithy-client": "^2.3.0",
        "@smithy/types": "^2.9.0",
        "@smithy/util-middleware": "^2.1.0",
        "tslib": "^2.5.0"
      }
    },
    "@smithy/credential-provider-imds": {
      "version": "2.2.0",
      "resolved": "https://registry.npmjs.org/@smithy/credential-provider-imds/-/credential-provider-imds-2.2.0.tgz",
      "integrity": "sha512-uqoRizHR8rKih6SuWcJRSv46tdqZk1zPEk6r909O87XO85j21MfUcxRKzbkORM2JOlaFhCH4geRcvlvYfK6EyQ==",
      "requires": {
        "@smithy/node-config-provider": "^2.2.0",
        "@smithy/property-provider": "^2.1.0",
        "@smithy/types": "^2.9.0",
        "@smithy/url-parser": "^2.1.0",
        "tslib": "^2.5.0"
      }
    },
    "@smithy/eventstream-codec": {
      "version": "2.1.0",
      "resolved": "https://registry.npmjs.org/@smithy/eventstream-codec/-/eventstream-codec-2.1.0.tgz",
      "integrity": "sha512-1yQnf8bSycsZ5ICXVMf8pEj1DQSUsw6/3H4nEdzH2+E3RZdNGPjVecQEm9kWPW7fvXvNvzT8MvZOQdk1IWoVTg==",
      "requires": {
        "@aws-crypto/crc32": "3.0.0",
        "@smithy/types": "^2.9.0",
        "@smithy/util-hex-encoding": "^2.1.0",
        "tslib": "^2.5.0"
      }
    },
    "@smithy/fetch-http-handler": {
      "version": "2.4.0",
      "resolved": "https://registry.npmjs.org/@smithy/fetch-http-handler/-/fetch-http-handler-2.4.0.tgz",
      "integrity": "sha512-fLhPNfbWG8vTcS9PsR1wjHaA54kDcSiAZKVuVAfjHleS7QDWjrCr1SDUqCB2yAc9NBLe2lIDbDL8+i9yoYhxoQ==",
      "requires": {
        "@smithy/protocol-http": "^3.1.0",
        "@smithy/querystring-builder": "^2.1.0",
        "@smithy/types": "^2.9.0",
        "@smithy/util-base64": "^2.1.0",
        "tslib": "^2.5.0"
      }
    },
    "@smithy/hash-node": {
      "version": "2.1.0",
      "resolved": "https://registry.npmjs.org/@smithy/hash-node/-/hash-node-2.1.0.tgz",
      "integrity": "sha512-/B7b6NNjw+i4PlwsrYHmxmmrTxp2oRejgZH26HhXE77XWwAiPEI9iHu7GZR9fYhm7Fsj66Z9Bk6JA9aEvUC9/w==",
      "requires": {
        "@smithy/types": "^2.9.0",
        "@smithy/util-buffer-from": "^2.1.0",
        "@smithy/util-utf8": "^2.1.0",
        "tslib": "^2.5.0"
      }
    },
    "@smithy/invalid-dependency": {
      "version": "2.1.0",
      "resolved": "https://registry.npmjs.org/@smithy/invalid-dependency/-/invalid-dependency-2.1.0.tgz",
      "integrity": "sha512-hvryGI0KChV4jMgK/kwr6U4/HaYldzjiQAZ+c//QAMDoCp0KkP0Xt94XqAkr7Uq08577mAMW5U70YCaAx+KjSQ==",
      "requires": {
        "@smithy/types": "^2.9.0",
        "tslib": "^2.5.0"
      }
    },
    "@smithy/is-array-buffer": {
      "version": "2.1.0",
      "resolved": "https://registry.npmjs.org/@smithy/is-array-buffer/-/is-array-buffer-2.1.0.tgz",
      "integrity": "sha512-XnQvn/6ie5kjFyeW94NqSjGGOdMuB2WnNmDWKHHLVMCR/Emu7B8pcAZX4k8H3tjDujXAQvfBrEgmPRq6FgqmZg==",
      "requires": {
        "tslib": "^2.5.0"
      }
    },
    "@smithy/middleware-content-length": {
      "version": "2.1.0",
      "resolved": "https://registry.npmjs.org/@smithy/middleware-content-length/-/middleware-content-length-2.1.0.tgz",
      "integrity": "sha512-XYhKZPuS8nnecdx0IGGUt1Nt2/ekoVOw1zal4c0ARRaLJEw+umFLxwHUelIeBocbdOcPCeZRE6pdk35Y2T2wpw==",
      "requires": {
        "@smithy/protocol-http": "^3.1.0",
        "@smithy/types": "^2.9.0",
        "tslib": "^2.5.0"
      }
    },
    "@smithy/middleware-endpoint": {
      "version": "2.4.0",
      "resolved": "https://registry.npmjs.org/@smithy/middleware-endpoint/-/middleware-endpoint-2.4.0.tgz",
      "integrity": "sha512-GMebLCihCxIlbPdA/l6WDpNJppIgW5OeTJkIAbqVArg1vFxZ92XhW+UwN12av5OAXswySGJ80/fpDFP7HmSyYg==",
      "requires": {
        "@smithy/middleware-serde": "^2.1.0",
        "@smithy/node-config-provider": "^2.2.0",
        "@smithy/shared-ini-file-loader": "^2.3.0",
        "@smithy/types": "^2.9.0",
        "@smithy/url-parser": "^2.1.0",
        "@smithy/util-middleware": "^2.1.0",
        "tslib": "^2.5.0"
      }
    },
    "@smithy/middleware-retry": {
      "version": "2.1.0",
      "resolved": "https://registry.npmjs.org/@smithy/middleware-retry/-/middleware-retry-2.1.0.tgz",
      "integrity": "sha512-lGEVds90hFyIAvypH58rwC6j9mrCR2ZwYbcxow7AgW6sWCCoBppz5FtLpgSg6QV/CTRh8K7w4kxGVx8LqINQBg==",
      "requires": {
        "@smithy/node-config-provider": "^2.2.0",
        "@smithy/protocol-http": "^3.1.0",
        "@smithy/service-error-classification": "^2.1.0",
        "@smithy/smithy-client": "^2.3.0",
        "@smithy/types": "^2.9.0",
        "@smithy/util-middleware": "^2.1.0",
        "@smithy/util-retry": "^2.1.0",
        "tslib": "^2.5.0",
        "uuid": "^8.3.2"
      }
    },
    "@smithy/middleware-serde": {
      "version": "2.1.0",
      "resolved": "https://registry.npmjs.org/@smithy/middleware-serde/-/middleware-serde-2.1.0.tgz",
      "integrity": "sha512-iysAUIDKsc354HMnYVQxMJEzNaOrQQvE86b1oSl2fRwcFqn+9TTi028a37PLFE+ccAiyVGjBjB8PBsAz9plUug==",
      "requires": {
        "@smithy/types": "^2.9.0",
        "tslib": "^2.5.0"
      }
    },
    "@smithy/middleware-stack": {
      "version": "2.1.0",
      "resolved": "https://registry.npmjs.org/@smithy/middleware-stack/-/middleware-stack-2.1.0.tgz",
      "integrity": "sha512-y5Ph/TWfO7oTfxNqKU+uAK5cFRTYeP16ReOmDweq+zQ8NQODDg7LSxsfQT4Wp0mhIvm0bt3pZp66T1YMtnihWw==",
      "requires": {
        "@smithy/types": "^2.9.0",
        "tslib": "^2.5.0"
      }
    },
    "@smithy/node-config-provider": {
      "version": "2.2.0",
      "resolved": "https://registry.npmjs.org/@smithy/node-config-provider/-/node-config-provider-2.2.0.tgz",
      "integrity": "sha512-rU82PFR32Bxo4EMGUJ2BGG+K97zUp9j6SWjG83T2itmbXwA/+DoCc4xCON8kcmdej822x1yLcSzFiTeg0b472w==",
      "requires": {
        "@smithy/property-provider": "^2.1.0",
        "@smithy/shared-ini-file-loader": "^2.3.0",
        "@smithy/types": "^2.9.0",
        "tslib": "^2.5.0"
      }
    },
    "@smithy/node-http-handler": {
      "version": "2.3.0",
      "resolved": "https://registry.npmjs.org/@smithy/node-http-handler/-/node-http-handler-2.3.0.tgz",
      "integrity": "sha512-8jcQaOdrD/X0VihhM2W/KtJ5fvKaT8UpNf/pl/epvLQ6MkAttIMaCLex6xk31BpFSPvS2+q65ZdBBjQ3cMOSiA==",
      "requires": {
        "@smithy/abort-controller": "^2.1.0",
        "@smithy/protocol-http": "^3.1.0",
        "@smithy/querystring-builder": "^2.1.0",
        "@smithy/types": "^2.9.0",
        "tslib": "^2.5.0"
      }
    },
    "@smithy/property-provider": {
      "version": "2.1.0",
      "resolved": "https://registry.npmjs.org/@smithy/property-provider/-/property-provider-2.1.0.tgz",
      "integrity": "sha512-6cpCSsgwbKHnl567SrthpqLgZ7e5jc7qPHG6wz9U2T24vcUp2yiG0vdAlH1QdTH20+/PGamKR0ZM35a08X1Tbg==",
      "requires": {
        "@smithy/types": "^2.9.0",
        "tslib": "^2.5.0"
      }
    },
    "@smithy/protocol-http": {
      "version": "3.1.0",
      "resolved": "https://registry.npmjs.org/@smithy/protocol-http/-/protocol-http-3.1.0.tgz",
      "integrity": "sha512-CGNzkKza1yUga7sv+U4gx3jbwSh5x42/9vy0E/NoR2HTFken2MuMc/bClxXAO0Z6EQoTYHHA6FMCREXwSP04lg==",
      "requires": {
        "@smithy/types": "^2.9.0",
        "tslib": "^2.5.0"
      }
    },
    "@smithy/querystring-builder": {
      "version": "2.1.0",
      "resolved": "https://registry.npmjs.org/@smithy/querystring-builder/-/querystring-builder-2.1.0.tgz",
      "integrity": "sha512-8QColSkqn9TbvpX40zW0T8IrKcLXg7Um4bczm9qIYDRPh8T873WNIOWzYBw8chI8SWizMXbsSR95PFCP/YlgYw==",
      "requires": {
        "@smithy/types": "^2.9.0",
        "@smithy/util-uri-escape": "^2.1.0",
        "tslib": "^2.5.0"
      }
    },
    "@smithy/querystring-parser": {
      "version": "2.1.0",
      "resolved": "https://registry.npmjs.org/@smithy/querystring-parser/-/querystring-parser-2.1.0.tgz",
      "integrity": "sha512-+l17LQQxelslo5CHsLXwSw2F1J6Qmf64OgByreNnLR82gHkJ91ZbMFhxZeLTo2qXxEu0uqraMc4uNw8qE9A6bw==",
      "requires": {
        "@smithy/types": "^2.9.0",
        "tslib": "^2.5.0"
      }
    },
    "@smithy/service-error-classification": {
      "version": "2.1.0",
      "resolved": "https://registry.npmjs.org/@smithy/service-error-classification/-/service-error-classification-2.1.0.tgz",
      "integrity": "sha512-yBMJk4IfYqUxsPmc8P0YtWHd/Kbd0PP+kU0dgFksH6eiE2ZQJl7478xNtkUKp2QJLcooYEbA3gBFUza6ukXMiA==",
      "requires": {
        "@smithy/types": "^2.9.0"
      }
    },
    "@smithy/shared-ini-file-loader": {
      "version": "2.3.0",
      "resolved": "https://registry.npmjs.org/@smithy/shared-ini-file-loader/-/shared-ini-file-loader-2.3.0.tgz",
      "integrity": "sha512-jgm7cjj0d08jIB9cp4idtpIUY590Twecv4xpijgl2IzkrPfBddzKTH4Zk+Zwfyk8ecz2T/7ihqtnNcq7Qdj9lw==",
      "requires": {
        "@smithy/types": "^2.9.0",
        "tslib": "^2.5.0"
      }
    },
    "@smithy/signature-v4": {
      "version": "2.1.0",
      "resolved": "https://registry.npmjs.org/@smithy/signature-v4/-/signature-v4-2.1.0.tgz",
      "integrity": "sha512-ONi89MBjxNtl497obaO/qGixsOedikTV3CAj3ZBPGY3IKykS8wQ2Wkctsx2T1J5B9OnynH0KuGGmgG91utX/7w==",
      "requires": {
        "@smithy/eventstream-codec": "^2.1.0",
        "@smithy/is-array-buffer": "^2.1.0",
        "@smithy/types": "^2.9.0",
        "@smithy/util-hex-encoding": "^2.1.0",
        "@smithy/util-middleware": "^2.1.0",
        "@smithy/util-uri-escape": "^2.1.0",
        "@smithy/util-utf8": "^2.1.0",
        "tslib": "^2.5.0"
      }
    },
    "@smithy/smithy-client": {
      "version": "2.3.0",
      "resolved": "https://registry.npmjs.org/@smithy/smithy-client/-/smithy-client-2.3.0.tgz",
      "integrity": "sha512-oEaLdVmHcbdK8IHQ4yE7xOYK2nSkF2xXp6nRr5NhfKB5QTKNzpNsXLiGJgfmm7j0ol1S6BhjyBhi7tZ8M0JJtg==",
      "requires": {
        "@smithy/middleware-endpoint": "^2.4.0",
        "@smithy/middleware-stack": "^2.1.0",
        "@smithy/protocol-http": "^3.1.0",
        "@smithy/types": "^2.9.0",
        "@smithy/util-stream": "^2.1.0",
        "tslib": "^2.5.0"
      }
    },
    "@smithy/types": {
      "version": "2.9.0",
      "resolved": "https://registry.npmjs.org/@smithy/types/-/types-2.9.0.tgz",
      "integrity": "sha512-ST1M87Lf2cLHRI+irEFRIHXGY08HHTAUbiRFYkmFyJdTMg3VDxkcm7DwW9/EgV3X8M6wDPrbIkx/RXONyttrQg==",
      "requires": {
        "tslib": "^2.5.0"
      }
    },
    "@smithy/url-parser": {
      "version": "2.1.0",
      "resolved": "https://registry.npmjs.org/@smithy/url-parser/-/url-parser-2.1.0.tgz",
      "integrity": "sha512-V3FMzNFCDwQNAgJdxI6Gj48qP9WAyvK59WE90hOoya3m8ey02uLDhWjZkl+505s7iTVVmJ7Mr7nKwG5vU2NIMQ==",
      "requires": {
        "@smithy/querystring-parser": "^2.1.0",
        "@smithy/types": "^2.9.0",
        "tslib": "^2.5.0"
      }
    },
    "@smithy/util-base64": {
      "version": "2.1.0",
      "resolved": "https://registry.npmjs.org/@smithy/util-base64/-/util-base64-2.1.0.tgz",
      "integrity": "sha512-zjXlHFm7S+TEDVA3j1rWGpuNDTlTxIWDqzwIfWUENT0VqCGDAdJITd8RYVjduf3u8HWMlgALkrY6B62UTESQ5w==",
      "requires": {
        "@smithy/util-buffer-from": "^2.1.0",
        "tslib": "^2.5.0"
      }
    },
    "@smithy/util-body-length-browser": {
      "version": "2.1.0",
      "resolved": "https://registry.npmjs.org/@smithy/util-body-length-browser/-/util-body-length-browser-2.1.0.tgz",
      "integrity": "sha512-fkLY8W+jXGSkymLNe9NB7u6lGflHz6w1R+a3RxLOK6UrtwU4LBLskAP5Ag/zVPUNd5tmfv3/W6cTVzk8IBJuiw==",
      "requires": {
        "tslib": "^2.5.0"
      }
    },
    "@smithy/util-body-length-node": {
      "version": "2.2.0",
      "resolved": "https://registry.npmjs.org/@smithy/util-body-length-node/-/util-body-length-node-2.2.0.tgz",
      "integrity": "sha512-ZLsqYH+s71y6Oc2Auws6zYI4LzsSi6N8+W+Gq7CwXaZm7QIKGiCeEunEwxo50OGAqJs0g6F9kCIwNxhlK1s4Aw==",
      "requires": {
        "tslib": "^2.5.0"
      }
    },
    "@smithy/util-buffer-from": {
      "version": "2.1.0",
      "resolved": "https://registry.npmjs.org/@smithy/util-buffer-from/-/util-buffer-from-2.1.0.tgz",
      "integrity": "sha512-3w7AM0moGyBmr9gMBGE7+pqG3cjboRvmMyRhpesbJoOUHO0BV1Qrk00M/wQ3EHJAQXM3dehQfFNUf7sR6nT6+Q==",
      "requires": {
        "@smithy/is-array-buffer": "^2.1.0",
        "tslib": "^2.5.0"
      }
    },
    "@smithy/util-config-provider": {
      "version": "2.2.0",
      "resolved": "https://registry.npmjs.org/@smithy/util-config-provider/-/util-config-provider-2.2.0.tgz",
      "integrity": "sha512-D3Gx0BWXjsn1E25ikUt0+yc8oZnViTa5IHZ1JvD9J1NyyVS4c3IgHqbG64XRverEMnhzUb0EhqMTwQTY12in+w==",
      "requires": {
        "tslib": "^2.5.0"
      }
    },
    "@smithy/util-defaults-mode-browser": {
      "version": "2.1.0",
      "resolved": "https://registry.npmjs.org/@smithy/util-defaults-mode-browser/-/util-defaults-mode-browser-2.1.0.tgz",
      "integrity": "sha512-zmXL4aKeBGBz02kDZdks2QfG+HGq99Tp4/ICPmu2OvSbwTOLjmlCnUrtZJTmLhX4etP3o0voOL9gFEa2PSjlJg==",
      "requires": {
        "@smithy/property-provider": "^2.1.0",
        "@smithy/smithy-client": "^2.3.0",
        "@smithy/types": "^2.9.0",
        "bowser": "^2.11.0",
        "tslib": "^2.5.0"
      }
    },
    "@smithy/util-defaults-mode-node": {
      "version": "2.1.0",
      "resolved": "https://registry.npmjs.org/@smithy/util-defaults-mode-node/-/util-defaults-mode-node-2.1.0.tgz",
      "integrity": "sha512-pVBaw2fBJMjjJj+AR69xQhjzYLZ5u9azdKyaAAjR16dthdBOcnczBClBVCfhb/Moj0ivIHnaXJ5AXCdbDok94g==",
      "requires": {
        "@smithy/config-resolver": "^2.1.0",
        "@smithy/credential-provider-imds": "^2.2.0",
        "@smithy/node-config-provider": "^2.2.0",
        "@smithy/property-provider": "^2.1.0",
        "@smithy/smithy-client": "^2.3.0",
        "@smithy/types": "^2.9.0",
        "tslib": "^2.5.0"
      }
    },
    "@smithy/util-endpoints": {
      "version": "1.1.0",
      "resolved": "https://registry.npmjs.org/@smithy/util-endpoints/-/util-endpoints-1.1.0.tgz",
      "integrity": "sha512-gKzfdj5pyEOg1fVOsZVpVPRWAXbWqt9JgZdwU4cjKlJ57Fuccfk0ui5twh1TYvuJWtR2Tw3GwUmUuBM3qRWJJg==",
      "requires": {
        "@smithy/node-config-provider": "^2.2.0",
        "@smithy/types": "^2.9.0",
        "tslib": "^2.5.0"
      }
    },
    "@smithy/util-hex-encoding": {
      "version": "2.1.0",
      "resolved": "https://registry.npmjs.org/@smithy/util-hex-encoding/-/util-hex-encoding-2.1.0.tgz",
      "integrity": "sha512-haxSIaBxn3p/lK+bEyqC32myHffacBLD61/HHzBGcG1Vo8dFTm5y0vhdR5R4wakW7H8Tr/czx+uckDOWZ1Km9Q==",
      "requires": {
        "tslib": "^2.5.0"
      }
    },
    "@smithy/util-middleware": {
      "version": "2.1.0",
      "resolved": "https://registry.npmjs.org/@smithy/util-middleware/-/util-middleware-2.1.0.tgz",
      "integrity": "sha512-bKfhAsdjRyGmYDsJUW5hPsL3qofgPgLPsuV+V6nNGyD/kjMobwstiIpA3ddGFT+XDwVOIUHElg7I06/wOpwKiQ==",
      "requires": {
        "@smithy/types": "^2.9.0",
        "tslib": "^2.5.0"
      }
    },
    "@smithy/util-retry": {
      "version": "2.1.0",
      "resolved": "https://registry.npmjs.org/@smithy/util-retry/-/util-retry-2.1.0.tgz",
      "integrity": "sha512-igJw+/olhAUtocMbEMBjy8SKRTHfefS+qcgmMUVEBLFgLjqMfpc8EDVB1BebNBQ1rre5yLDbi2UHUz48eZNkPQ==",
      "requires": {
        "@smithy/service-error-classification": "^2.1.0",
        "@smithy/types": "^2.9.0",
        "tslib": "^2.5.0"
      }
    },
    "@smithy/util-stream": {
      "version": "2.1.0",
      "resolved": "https://registry.npmjs.org/@smithy/util-stream/-/util-stream-2.1.0.tgz",
      "integrity": "sha512-lcw9JVXLHvRawaXnfxdnGRw5pQM5c9XMEkBuMec+fIhGuPHIezqhQq7oO0jJcj0xwupJzW6HAvinktr9ozdKyg==",
      "requires": {
        "@smithy/fetch-http-handler": "^2.4.0",
        "@smithy/node-http-handler": "^2.3.0",
        "@smithy/types": "^2.9.0",
        "@smithy/util-base64": "^2.1.0",
        "@smithy/util-buffer-from": "^2.1.0",
        "@smithy/util-hex-encoding": "^2.1.0",
        "@smithy/util-utf8": "^2.1.0",
        "tslib": "^2.5.0"
      }
    },
    "@smithy/util-uri-escape": {
      "version": "2.1.0",
      "resolved": "https://registry.npmjs.org/@smithy/util-uri-escape/-/util-uri-escape-2.1.0.tgz",
      "integrity": "sha512-ZHYFGyF9o/MHGMGtsHfkxnn2DhGRZlDIFGNgipu4K3x8jMEVahQ+tGnlkFVMM2QrSQHCcjICbBTJ5JEgaD5+Jg==",
      "requires": {
        "tslib": "^2.5.0"
      }
    },
    "@smithy/util-utf8": {
      "version": "2.1.0",
      "resolved": "https://registry.npmjs.org/@smithy/util-utf8/-/util-utf8-2.1.0.tgz",
      "integrity": "sha512-RnNNedYLpsNPQocMhr0nGEz0mGKdzI5dBi0h7vvmimULtBlyElgX1/hXozlkurIgx8R3bSy14/oRtmDsFClifg==",
      "requires": {
        "@smithy/util-buffer-from": "^2.1.0",
        "tslib": "^2.5.0"
      }
    },
    "@smithy/util-waiter": {
      "version": "2.1.0",
      "resolved": "https://registry.npmjs.org/@smithy/util-waiter/-/util-waiter-2.1.0.tgz",
      "integrity": "sha512-BqfpYb4oNsQn6hhd4zDk8X6srVmiNOXHBFQz0vQSScS8Zliam7oLjlf/gHw02ewwxzi9229UQZF+UnG2jV6JGw==",
      "requires": {
        "@smithy/abort-controller": "^2.1.0",
        "@smithy/types": "^2.9.0",
        "tslib": "^2.5.0"
      }
    },
    "async": {
      "version": "3.2.4",
      "resolved": "https://registry.npmjs.org/async/-/async-3.2.4.tgz",
      "integrity": "sha512-iAB+JbDEGXhyIUavoDl9WP/Jj106Kz9DEn1DPgYw5ruDn0e3Wgi3sKFm55sASdGBNOQB8F59d9qQ7deqrHA8wQ=="
    },
    "bowser": {
      "version": "2.11.0",
      "resolved": "https://registry.npmjs.org/bowser/-/bowser-2.11.0.tgz",
      "integrity": "sha512-AlcaJBi/pqqJBIQ8U9Mcpc9i8Aqxn88Skv5d+xBX006BY5u8N3mGLHa5Lgppa7L/HfwgwLgZ6NYs+Ag6uUmJRA=="
    },
    "fast-xml-parser": {
      "version": "4.2.5",
      "resolved": "https://registry.npmjs.org/fast-xml-parser/-/fast-xml-parser-4.2.5.tgz",
      "integrity": "sha512-B9/wizE4WngqQftFPmdaMYlXoJlJOYxGQOanC77fq9k8+Z0v5dDSVh+3glErdIROP//s/jgb7ZuxKfB8nVyo0g==",
      "requires": {
        "strnum": "^1.0.5"
      }
    },
    "lodash.get": {
      "version": "4.4.2",
      "resolved": "https://registry.npmjs.org/lodash.get/-/lodash.get-4.4.2.tgz",
      "integrity": "sha512-z+Uw/vLuy6gQe8cfaFWD7p0wVv8fJl3mbzXh33RS+0oW2wvUqiRXiQ69gLWSLpgB5/6sU+r6BlQR0MBILadqTQ=="
    },
    "luxon": {
      "version": "3.1.0",
      "resolved": "https://registry.npmjs.org/luxon/-/luxon-3.1.0.tgz",
      "integrity": "sha512-7w6hmKC0/aoWnEsmPCu5Br54BmbmUp5GfcqBxQngRcXJ+q5fdfjEzn7dxmJh2YdDhgW8PccYtlWKSv4tQkrTQg=="
    },
    "mnemonist": {
      "version": "0.38.3",
      "resolved": "https://registry.npmjs.org/mnemonist/-/mnemonist-0.38.3.tgz",
      "integrity": "sha512-2K9QYubXx/NAjv4VLq1d1Ly8pWNC5L3BrixtdkyTegXWJIqY+zLNDhhX/A+ZwWt70tB1S8H4BE8FLYEFyNoOBw==",
      "requires": {
        "obliterator": "^1.6.1"
      }
    },
    "obliterator": {
      "version": "1.6.1",
      "resolved": "https://registry.npmjs.org/obliterator/-/obliterator-1.6.1.tgz",
      "integrity": "sha512-9WXswnqINnnhOG/5SLimUlzuU1hFJUc8zkwyD59Sd+dPOMf05PmnYG/d6Q7HZ+KmgkZJa1PxRso6QdM3sTNHig=="
    },
    "strnum": {
      "version": "1.0.5",
      "resolved": "https://registry.npmjs.org/strnum/-/strnum-1.0.5.tgz",
      "integrity": "sha512-J8bbNyKKXl5qYcR36TIO8W3mVGVHrmmxsd5PAItGkmyzwJvybiw2IVq5nqd0i4LSNSkB/sx9VHllbfFdr9k1JA=="
    },
    "tslib": {
      "version": "2.6.2",
      "resolved": "https://registry.npmjs.org/tslib/-/tslib-2.6.2.tgz",
      "integrity": "sha512-AEYxH93jGFPn/a2iVAwW87VuUIkR1FVUKB77NwMF7nBTDkDrrT/Hpt/IrCJ0QXhW27jTBDcf5ZY7w6RiqTMw2Q=="
    },
    "uuid": {
      "version": "8.3.2",
      "resolved": "https://registry.npmjs.org/uuid/-/uuid-8.3.2.tgz",
      "integrity": "sha512-+NYs2QeMWy+GWFOEm9xnn6HCDp0l7QBD7ml8zLUmJ+93Q5NF0NocErnwkTkXVFNiX3/fpC6afS8Dhb/gz7R7eg=="
    }
  }
}
