{
  "name": "DynamoDB",
  "version": "3.2.2",
  "lockfileVersion": 1,
  "requires": true,
  "dependencies": {
    "@aws-crypto/crc32": {
      "version": "3.0.0",
      "resolved": "https://registry.npmjs.org/@aws-crypto/crc32/-/crc32-3.0.0.tgz",
      "integrity": "sha512-IzSgsrxUcsrejQbPVilIKy16kAT52EwB6zSaI+M3xxIhKh5+aldEyvI+z6erM7TCLB2BJsFrtHjp6/4/sr+3dA==",
      "requires": {
        "@aws-crypto/util": "^3.0.0",
        "@aws-sdk/types": "^3.222.0",
        "tslib": "^1.11.1"
      },
      "dependencies": {
        "tslib": {
          "version": "1.14.1",
          "resolved": "https://registry.npmjs.org/tslib/-/tslib-1.14.1.tgz",
          "integrity": "sha512-Xni35NKzjgMrwevysHTCArtLDpPvye8zV/0E4EyYn43P7/7qvQwPh9BGkHewbMulVntbigmcT7rdX3BNo9wRJg=="
        }
      }
    },
    "@aws-crypto/ie11-detection": {
      "version": "3.0.0",
      "resolved": "https://registry.npmjs.org/@aws-crypto/ie11-detection/-/ie11-detection-3.0.0.tgz",
      "integrity": "sha512-341lBBkiY1DfDNKai/wXM3aujNBkXR7tq1URPQDL9wi3AUbI80NR74uF1TXHMm7po1AcnFk8iu2S2IeU/+/A+Q==",
      "requires": {
        "tslib": "^1.11.1"
      },
      "dependencies": {
        "tslib": {
          "version": "1.14.1",
          "resolved": "https://registry.npmjs.org/tslib/-/tslib-1.14.1.tgz",
          "integrity": "sha512-Xni35NKzjgMrwevysHTCArtLDpPvye8zV/0E4EyYn43P7/7qvQwPh9BGkHewbMulVntbigmcT7rdX3BNo9wRJg=="
        }
      }
    },
    "@aws-crypto/sha256-browser": {
      "version": "3.0.0",
      "resolved": "https://registry.npmjs.org/@aws-crypto/sha256-browser/-/sha256-browser-3.0.0.tgz",
      "integrity": "sha512-8VLmW2B+gjFbU5uMeqtQM6Nj0/F1bro80xQXCW6CQBWgosFWXTx77aeOF5CAIAmbOK64SdMBJdNr6J41yP5mvQ==",
      "requires": {
        "@aws-crypto/ie11-detection": "^3.0.0",
        "@aws-crypto/sha256-js": "^3.0.0",
        "@aws-crypto/supports-web-crypto": "^3.0.0",
        "@aws-crypto/util": "^3.0.0",
        "@aws-sdk/types": "^3.222.0",
        "@aws-sdk/util-locate-window": "^3.0.0",
        "@aws-sdk/util-utf8-browser": "^3.0.0",
        "tslib": "^1.11.1"
      },
      "dependencies": {
        "tslib": {
          "version": "1.14.1",
          "resolved": "https://registry.npmjs.org/tslib/-/tslib-1.14.1.tgz",
          "integrity": "sha512-Xni35NKzjgMrwevysHTCArtLDpPvye8zV/0E4EyYn43P7/7qvQwPh9BGkHewbMulVntbigmcT7rdX3BNo9wRJg=="
        }
      }
    },
    "@aws-crypto/sha256-js": {
      "version": "3.0.0",
      "resolved": "https://registry.npmjs.org/@aws-crypto/sha256-js/-/sha256-js-3.0.0.tgz",
      "integrity": "sha512-PnNN7os0+yd1XvXAy23CFOmTbMaDxgxXtTKHybrJ39Y8kGzBATgBFibWJKH6BhytLI/Zyszs87xCOBNyBig6vQ==",
      "requires": {
        "@aws-crypto/util": "^3.0.0",
        "@aws-sdk/types": "^3.222.0",
        "tslib": "^1.11.1"
      },
      "dependencies": {
        "tslib": {
          "version": "1.14.1",
          "resolved": "https://registry.npmjs.org/tslib/-/tslib-1.14.1.tgz",
          "integrity": "sha512-Xni35NKzjgMrwevysHTCArtLDpPvye8zV/0E4EyYn43P7/7qvQwPh9BGkHewbMulVntbigmcT7rdX3BNo9wRJg=="
        }
      }
    },
    "@aws-crypto/supports-web-crypto": {
      "version": "3.0.0",
      "resolved": "https://registry.npmjs.org/@aws-crypto/supports-web-crypto/-/supports-web-crypto-3.0.0.tgz",
      "integrity": "sha512-06hBdMwUAb2WFTuGG73LSC0wfPu93xWwo5vL2et9eymgmu3Id5vFAHBbajVWiGhPO37qcsdCap/FqXvJGJWPIg==",
      "requires": {
        "tslib": "^1.11.1"
      },
      "dependencies": {
        "tslib": {
          "version": "1.14.1",
          "resolved": "https://registry.npmjs.org/tslib/-/tslib-1.14.1.tgz",
          "integrity": "sha512-Xni35NKzjgMrwevysHTCArtLDpPvye8zV/0E4EyYn43P7/7qvQwPh9BGkHewbMulVntbigmcT7rdX3BNo9wRJg=="
        }
      }
    },
    "@aws-crypto/util": {
      "version": "3.0.0",
      "resolved": "https://registry.npmjs.org/@aws-crypto/util/-/util-3.0.0.tgz",
      "integrity": "sha512-2OJlpeJpCR48CC8r+uKVChzs9Iungj9wkZrl8Z041DWEWvyIHILYKCPNzJghKsivj+S3mLo6BVc7mBNzdxA46w==",
      "requires": {
        "@aws-sdk/types": "^3.222.0",
        "@aws-sdk/util-utf8-browser": "^3.0.0",
        "tslib": "^1.11.1"
      },
      "dependencies": {
        "tslib": {
          "version": "1.14.1",
          "resolved": "https://registry.npmjs.org/tslib/-/tslib-1.14.1.tgz",
          "integrity": "sha512-Xni35NKzjgMrwevysHTCArtLDpPvye8zV/0E4EyYn43P7/7qvQwPh9BGkHewbMulVntbigmcT7rdX3BNo9wRJg=="
        }
      }
    },
    "@aws-sdk/client-dynamodb": {
      "version": "3.511.0",
      "resolved": "https://registry.npmjs.org/@aws-sdk/client-dynamodb/-/client-dynamodb-3.511.0.tgz",
      "integrity": "sha512-1da7byPNfPS+txu+51irEzgwVU60Zjz8k0AOIyEAZcOV224TTnuSVM+FYQq0E5CniX8gLriQsDSjVhDaYunSFQ==",
      "requires": {
        "@aws-crypto/sha256-browser": "3.0.0",
        "@aws-crypto/sha256-js": "3.0.0",
        "@aws-sdk/client-sts": "3.511.0",
        "@aws-sdk/core": "3.511.0",
        "@aws-sdk/credential-provider-node": "3.511.0",
        "@aws-sdk/middleware-endpoint-discovery": "3.511.0",
        "@aws-sdk/middleware-host-header": "3.511.0",
        "@aws-sdk/middleware-logger": "3.511.0",
        "@aws-sdk/middleware-recursion-detection": "3.511.0",
        "@aws-sdk/middleware-user-agent": "3.511.0",
        "@aws-sdk/region-config-resolver": "3.511.0",
        "@aws-sdk/types": "3.511.0",
        "@aws-sdk/util-endpoints": "3.511.0",
        "@aws-sdk/util-user-agent-browser": "3.511.0",
        "@aws-sdk/util-user-agent-node": "3.511.0",
        "@smithy/config-resolver": "^2.1.1",
        "@smithy/core": "^1.3.1",
        "@smithy/fetch-http-handler": "^2.4.1",
        "@smithy/hash-node": "^2.1.1",
        "@smithy/invalid-dependency": "^2.1.1",
        "@smithy/middleware-content-length": "^2.1.1",
        "@smithy/middleware-endpoint": "^2.4.1",
        "@smithy/middleware-retry": "^2.1.1",
        "@smithy/middleware-serde": "^2.1.1",
        "@smithy/middleware-stack": "^2.1.1",
        "@smithy/node-config-provider": "^2.2.1",
        "@smithy/node-http-handler": "^2.3.1",
        "@smithy/protocol-http": "^3.1.1",
        "@smithy/smithy-client": "^2.3.1",
        "@smithy/types": "^2.9.1",
        "@smithy/url-parser": "^2.1.1",
        "@smithy/util-base64": "^2.1.1",
        "@smithy/util-body-length-browser": "^2.1.1",
        "@smithy/util-body-length-node": "^2.2.1",
        "@smithy/util-defaults-mode-browser": "^2.1.1",
        "@smithy/util-defaults-mode-node": "^2.1.1",
        "@smithy/util-endpoints": "^1.1.1",
        "@smithy/util-middleware": "^2.1.1",
        "@smithy/util-retry": "^2.1.1",
        "@smithy/util-utf8": "^2.1.1",
        "@smithy/util-waiter": "^2.1.1",
        "tslib": "^2.5.0",
        "uuid": "^8.3.2"
      }
    },
    "@aws-sdk/client-sso": {
      "version": "3.511.0",
      "resolved": "https://registry.npmjs.org/@aws-sdk/client-sso/-/client-sso-3.511.0.tgz",
      "integrity": "sha512-v1f5ZbuZWpad+fgTOpgFyIZT3A37wdqoSPh0hl+cKRu5kPsz96xCe9+UvLx+HdN2yJ/mV0UZcMq6ysj4xAGIEg==",
      "requires": {
        "@aws-crypto/sha256-browser": "3.0.0",
        "@aws-crypto/sha256-js": "3.0.0",
        "@aws-sdk/core": "3.511.0",
        "@aws-sdk/middleware-host-header": "3.511.0",
        "@aws-sdk/middleware-logger": "3.511.0",
        "@aws-sdk/middleware-recursion-detection": "3.511.0",
        "@aws-sdk/middleware-user-agent": "3.511.0",
        "@aws-sdk/region-config-resolver": "3.511.0",
        "@aws-sdk/types": "3.511.0",
        "@aws-sdk/util-endpoints": "3.511.0",
        "@aws-sdk/util-user-agent-browser": "3.511.0",
        "@aws-sdk/util-user-agent-node": "3.511.0",
        "@smithy/config-resolver": "^2.1.1",
        "@smithy/core": "^1.3.1",
        "@smithy/fetch-http-handler": "^2.4.1",
        "@smithy/hash-node": "^2.1.1",
        "@smithy/invalid-dependency": "^2.1.1",
        "@smithy/middleware-content-length": "^2.1.1",
        "@smithy/middleware-endpoint": "^2.4.1",
        "@smithy/middleware-retry": "^2.1.1",
        "@smithy/middleware-serde": "^2.1.1",
        "@smithy/middleware-stack": "^2.1.1",
        "@smithy/node-config-provider": "^2.2.1",
        "@smithy/node-http-handler": "^2.3.1",
        "@smithy/protocol-http": "^3.1.1",
        "@smithy/smithy-client": "^2.3.1",
        "@smithy/types": "^2.9.1",
        "@smithy/url-parser": "^2.1.1",
        "@smithy/util-base64": "^2.1.1",
        "@smithy/util-body-length-browser": "^2.1.1",
        "@smithy/util-body-length-node": "^2.2.1",
        "@smithy/util-defaults-mode-browser": "^2.1.1",
        "@smithy/util-defaults-mode-node": "^2.1.1",
        "@smithy/util-endpoints": "^1.1.1",
        "@smithy/util-retry": "^2.1.1",
        "@smithy/util-utf8": "^2.1.1",
        "tslib": "^2.5.0"
      }
    },
    "@aws-sdk/client-sso-oidc": {
      "version": "3.511.0",
      "resolved": "https://registry.npmjs.org/@aws-sdk/client-sso-oidc/-/client-sso-oidc-3.511.0.tgz",
      "integrity": "sha512-cITRRq54eTrq7ll9li+yYnLbNHKXG2P+ovdZSDiQ6LjCYBdcD4ela30qbs87Yye9YsopdslDzBhHHtrf5oiuMw==",
      "requires": {
        "@aws-crypto/sha256-browser": "3.0.0",
        "@aws-crypto/sha256-js": "3.0.0",
        "@aws-sdk/client-sts": "3.511.0",
        "@aws-sdk/core": "3.511.0",
        "@aws-sdk/middleware-host-header": "3.511.0",
        "@aws-sdk/middleware-logger": "3.511.0",
        "@aws-sdk/middleware-recursion-detection": "3.511.0",
        "@aws-sdk/middleware-signing": "3.511.0",
        "@aws-sdk/middleware-user-agent": "3.511.0",
        "@aws-sdk/region-config-resolver": "3.511.0",
        "@aws-sdk/types": "3.511.0",
        "@aws-sdk/util-endpoints": "3.511.0",
        "@aws-sdk/util-user-agent-browser": "3.511.0",
        "@aws-sdk/util-user-agent-node": "3.511.0",
        "@smithy/config-resolver": "^2.1.1",
        "@smithy/core": "^1.3.1",
        "@smithy/fetch-http-handler": "^2.4.1",
        "@smithy/hash-node": "^2.1.1",
        "@smithy/invalid-dependency": "^2.1.1",
        "@smithy/middleware-content-length": "^2.1.1",
        "@smithy/middleware-endpoint": "^2.4.1",
        "@smithy/middleware-retry": "^2.1.1",
        "@smithy/middleware-serde": "^2.1.1",
        "@smithy/middleware-stack": "^2.1.1",
        "@smithy/node-config-provider": "^2.2.1",
        "@smithy/node-http-handler": "^2.3.1",
        "@smithy/protocol-http": "^3.1.1",
        "@smithy/smithy-client": "^2.3.1",
        "@smithy/types": "^2.9.1",
        "@smithy/url-parser": "^2.1.1",
        "@smithy/util-base64": "^2.1.1",
        "@smithy/util-body-length-browser": "^2.1.1",
        "@smithy/util-body-length-node": "^2.2.1",
        "@smithy/util-defaults-mode-browser": "^2.1.1",
        "@smithy/util-defaults-mode-node": "^2.1.1",
        "@smithy/util-endpoints": "^1.1.1",
        "@smithy/util-retry": "^2.1.1",
        "@smithy/util-utf8": "^2.1.1",
        "tslib": "^2.5.0"
      }
    },
    "@aws-sdk/client-sts": {
      "version": "3.511.0",
      "resolved": "https://registry.npmjs.org/@aws-sdk/client-sts/-/client-sts-3.511.0.tgz",
      "integrity": "sha512-lwVEEXK+1auEwmBuTv35m2GvbxPthi8SjNUpU4pRetZPVbGhnhCN6H7JqeMDP6GLf81Io2eySXRsmLMt7l/fjg==",
      "requires": {
        "@aws-crypto/sha256-browser": "3.0.0",
        "@aws-crypto/sha256-js": "3.0.0",
        "@aws-sdk/core": "3.511.0",
        "@aws-sdk/middleware-host-header": "3.511.0",
        "@aws-sdk/middleware-logger": "3.511.0",
        "@aws-sdk/middleware-recursion-detection": "3.511.0",
        "@aws-sdk/middleware-user-agent": "3.511.0",
        "@aws-sdk/region-config-resolver": "3.511.0",
        "@aws-sdk/types": "3.511.0",
        "@aws-sdk/util-endpoints": "3.511.0",
        "@aws-sdk/util-user-agent-browser": "3.511.0",
        "@aws-sdk/util-user-agent-node": "3.511.0",
        "@smithy/config-resolver": "^2.1.1",
        "@smithy/core": "^1.3.1",
        "@smithy/fetch-http-handler": "^2.4.1",
        "@smithy/hash-node": "^2.1.1",
        "@smithy/invalid-dependency": "^2.1.1",
        "@smithy/middleware-content-length": "^2.1.1",
        "@smithy/middleware-endpoint": "^2.4.1",
        "@smithy/middleware-retry": "^2.1.1",
        "@smithy/middleware-serde": "^2.1.1",
        "@smithy/middleware-stack": "^2.1.1",
        "@smithy/node-config-provider": "^2.2.1",
        "@smithy/node-http-handler": "^2.3.1",
        "@smithy/protocol-http": "^3.1.1",
        "@smithy/smithy-client": "^2.3.1",
        "@smithy/types": "^2.9.1",
        "@smithy/url-parser": "^2.1.1",
        "@smithy/util-base64": "^2.1.1",
        "@smithy/util-body-length-browser": "^2.1.1",
        "@smithy/util-body-length-node": "^2.2.1",
        "@smithy/util-defaults-mode-browser": "^2.1.1",
        "@smithy/util-defaults-mode-node": "^2.1.1",
        "@smithy/util-endpoints": "^1.1.1",
        "@smithy/util-middleware": "^2.1.1",
        "@smithy/util-retry": "^2.1.1",
        "@smithy/util-utf8": "^2.1.1",
        "fast-xml-parser": "4.2.5",
        "tslib": "^2.5.0"
      }
    },
    "@aws-sdk/core": {
      "version": "3.511.0",
      "resolved": "https://registry.npmjs.org/@aws-sdk/core/-/core-3.511.0.tgz",
      "integrity": "sha512-0gbDvQhToyLxPyr/7KP6uavrBYKh7exld2lju1Lp65U61XgEjTVP/thJmHTvH4BAKGSqeIz/rrwJ0KrC8nwBtw==",
      "requires": {
        "@smithy/core": "^1.3.1",
        "@smithy/protocol-http": "^3.1.1",
        "@smithy/signature-v4": "^2.1.1",
        "@smithy/smithy-client": "^2.3.1",
        "@smithy/types": "^2.9.1",
        "tslib": "^2.5.0"
      }
    },
    "@aws-sdk/credential-provider-env": {
      "version": "3.511.0",
      "resolved": "https://registry.npmjs.org/@aws-sdk/credential-provider-env/-/credential-provider-env-3.511.0.tgz",
      "integrity": "sha512-4VUsnLRox8YzxnZwnFrfZM4bL5KKLhsjjjX7oiuLyzFkhauI4HFYt7rTB8YNGphpqAg/Wzw5DBZfO3Bw1iR1HA==",
      "requires": {
        "@aws-sdk/types": "3.511.0",
        "@smithy/property-provider": "^2.1.1",
        "@smithy/types": "^2.9.1",
        "tslib": "^2.5.0"
      }
    },
    "@aws-sdk/credential-provider-http": {
      "version": "3.511.0",
      "resolved": "https://registry.npmjs.org/@aws-sdk/credential-provider-http/-/credential-provider-http-3.511.0.tgz",
      "integrity": "sha512-y83Gt8GPpgMe/lMFxIq+0G2rbzLTC6lhrDocHUzqcApLD6wet8Esy2iYckSRlJgYY+qsVAzpLrSMtt85DwRPTw==",
      "requires": {
        "@aws-sdk/types": "3.511.0",
        "@smithy/fetch-http-handler": "^2.4.1",
        "@smithy/node-http-handler": "^2.3.1",
        "@smithy/property-provider": "^2.1.1",
        "@smithy/protocol-http": "^3.1.1",
        "@smithy/smithy-client": "^2.3.1",
        "@smithy/types": "^2.9.1",
        "@smithy/util-stream": "^2.1.1",
        "tslib": "^2.5.0"
      }
    },
    "@aws-sdk/credential-provider-ini": {
      "version": "3.511.0",
      "resolved": "https://registry.npmjs.org/@aws-sdk/credential-provider-ini/-/credential-provider-ini-3.511.0.tgz",
      "integrity": "sha512-AgIOCtYzm61jbTQCY/2Vf/yu7DeLG0TLZa05a3VVRN9XE4ERtEnMn7TdbxM+hS24MTX8xI0HbMcWxCBkXRIg9w==",
      "requires": {
        "@aws-sdk/client-sts": "3.511.0",
        "@aws-sdk/credential-provider-env": "3.511.0",
        "@aws-sdk/credential-provider-process": "3.511.0",
        "@aws-sdk/credential-provider-sso": "3.511.0",
        "@aws-sdk/credential-provider-web-identity": "3.511.0",
        "@aws-sdk/types": "3.511.0",
        "@smithy/credential-provider-imds": "^2.2.1",
        "@smithy/property-provider": "^2.1.1",
        "@smithy/shared-ini-file-loader": "^2.3.1",
        "@smithy/types": "^2.9.1",
        "tslib": "^2.5.0"
      }
    },
    "@aws-sdk/credential-provider-node": {
      "version": "3.511.0",
      "resolved": "https://registry.npmjs.org/@aws-sdk/credential-provider-node/-/credential-provider-node-3.511.0.tgz",
      "integrity": "sha512-5JDZXsSluliJmxOF+lYYFgJdSKQfVLQyic5NxScHULTERGoEwEHMgucFGwJ9MV9FoINjNTQLfAiWlJL/kGkCEQ==",
      "requires": {
        "@aws-sdk/credential-provider-env": "3.511.0",
        "@aws-sdk/credential-provider-http": "3.511.0",
        "@aws-sdk/credential-provider-ini": "3.511.0",
        "@aws-sdk/credential-provider-process": "3.511.0",
        "@aws-sdk/credential-provider-sso": "3.511.0",
        "@aws-sdk/credential-provider-web-identity": "3.511.0",
        "@aws-sdk/types": "3.511.0",
        "@smithy/credential-provider-imds": "^2.2.1",
        "@smithy/property-provider": "^2.1.1",
        "@smithy/shared-ini-file-loader": "^2.3.1",
        "@smithy/types": "^2.9.1",
        "tslib": "^2.5.0"
      }
    },
    "@aws-sdk/credential-provider-process": {
      "version": "3.511.0",
      "resolved": "https://registry.npmjs.org/@aws-sdk/credential-provider-process/-/credential-provider-process-3.511.0.tgz",
      "integrity": "sha512-88hLUPqcTwjSubPS+34ZfmglnKeLny8GbmZsyllk96l26PmDTAqo5RScSA8BWxL0l5pRRWGtcrFyts+oibHIuQ==",
      "requires": {
        "@aws-sdk/types": "3.511.0",
        "@smithy/property-provider": "^2.1.1",
        "@smithy/shared-ini-file-loader": "^2.3.1",
        "@smithy/types": "^2.9.1",
        "tslib": "^2.5.0"
      }
    },
    "@aws-sdk/credential-provider-sso": {
      "version": "3.511.0",
      "resolved": "https://registry.npmjs.org/@aws-sdk/credential-provider-sso/-/credential-provider-sso-3.511.0.tgz",
      "integrity": "sha512-aEei9UdXYEE2e0Htf28/IcuHcWk3VkUkpcg3KDR/AyzXA3i/kxmixtAgRmHOForC5CMqoJjzVPFUITNkAscyag==",
      "requires": {
        "@aws-sdk/client-sso": "3.511.0",
        "@aws-sdk/token-providers": "3.511.0",
        "@aws-sdk/types": "3.511.0",
        "@smithy/property-provider": "^2.1.1",
        "@smithy/shared-ini-file-loader": "^2.3.1",
        "@smithy/types": "^2.9.1",
        "tslib": "^2.5.0"
      }
    },
    "@aws-sdk/credential-provider-web-identity": {
      "version": "3.511.0",
      "resolved": "https://registry.npmjs.org/@aws-sdk/credential-provider-web-identity/-/credential-provider-web-identity-3.511.0.tgz",
      "integrity": "sha512-/3XMyN7YYefAsES/sMMY5zZGRmZ5QJisJw798DdMYmYMsb1dt0Qy8kZTu+59ZzOiVIcznsjSTCEB81QmGtDKcA==",
      "requires": {
        "@aws-sdk/client-sts": "3.511.0",
        "@aws-sdk/types": "3.511.0",
        "@smithy/property-provider": "^2.1.1",
        "@smithy/types": "^2.9.1",
        "tslib": "^2.5.0"
      }
    },
    "@aws-sdk/endpoint-cache": {
      "version": "3.495.0",
      "resolved": "https://registry.npmjs.org/@aws-sdk/endpoint-cache/-/endpoint-cache-3.495.0.tgz",
      "integrity": "sha512-XCDrpiS50WaPzPzp7FwsChPHtX9PQQUU4nRzcn2N7IkUtpcFCUx8m1PAZe086VQr6hrbdeE4Z4j8hUPNwVdJGQ==",
      "requires": {
        "mnemonist": "0.38.3",
        "tslib": "^2.5.0"
      }
    },
    "@aws-sdk/middleware-endpoint-discovery": {
      "version": "3.511.0",
      "resolved": "https://registry.npmjs.org/@aws-sdk/middleware-endpoint-discovery/-/middleware-endpoint-discovery-3.511.0.tgz",
      "integrity": "sha512-g3V25SJkOD4C0nH5V8SDifxSDSRA3g+JXue/hFYWtAt/avyOu38fmjqX6ewOuj7wENoc4KCw1CmhSu+XTNtbRA==",
      "requires": {
        "@aws-sdk/endpoint-cache": "3.495.0",
        "@aws-sdk/types": "3.511.0",
        "@smithy/node-config-provider": "^2.2.1",
        "@smithy/protocol-http": "^3.1.1",
        "@smithy/types": "^2.9.1",
        "tslib": "^2.5.0"
      }
    },
    "@aws-sdk/middleware-host-header": {
      "version": "3.511.0",
      "resolved": "https://registry.npmjs.org/@aws-sdk/middleware-host-header/-/middleware-host-header-3.511.0.tgz",
      "integrity": "sha512-DbBzQP/6woSHR/+g9dHN3YiYaLIqFw9u8lQFMxi3rT3hqITFVYLzzXtEaHjDD6/is56pNT84CIKbyJ6/gY5d1Q==",
      "requires": {
        "@aws-sdk/types": "3.511.0",
        "@smithy/protocol-http": "^3.1.1",
        "@smithy/types": "^2.9.1",
        "tslib": "^2.5.0"
      }
    },
    "@aws-sdk/middleware-logger": {
      "version": "3.511.0",
      "resolved": "https://registry.npmjs.org/@aws-sdk/middleware-logger/-/middleware-logger-3.511.0.tgz",
      "integrity": "sha512-EYU9dBlJXvQcCsM2Tfgi0NQoXrqovfDv/fDy8oGJgZFrgNuHDti8tdVVxeJTUJNEAF67xlDl5o+rWEkKthkYGQ==",
      "requires": {
        "@aws-sdk/types": "3.511.0",
        "@smithy/types": "^2.9.1",
        "tslib": "^2.5.0"
      }
    },
    "@aws-sdk/middleware-recursion-detection": {
      "version": "3.511.0",
      "resolved": "https://registry.npmjs.org/@aws-sdk/middleware-recursion-detection/-/middleware-recursion-detection-3.511.0.tgz",
      "integrity": "sha512-PlNPCV/6zpDVdNx1K69xDTh/wPNU4WyP4qa6hUo2/+4/PNG5HI9xbCWtpb4RjhdTRw6qDtkBNcPICHbtWx5aHg==",
      "requires": {
        "@aws-sdk/types": "3.511.0",
        "@smithy/protocol-http": "^3.1.1",
        "@smithy/types": "^2.9.1",
        "tslib": "^2.5.0"
      }
    },
    "@aws-sdk/middleware-signing": {
      "version": "3.511.0",
      "resolved": "https://registry.npmjs.org/@aws-sdk/middleware-signing/-/middleware-signing-3.511.0.tgz",
      "integrity": "sha512-IMijFLfm+QQHD6NNDX9k3op9dpBSlWKnqjcMU38Tytl2nbqV4gktkarOK1exHAmH7CdoYR5BufVtBzbASNSF/A==",
      "requires": {
        "@aws-sdk/types": "3.511.0",
        "@smithy/property-provider": "^2.1.1",
        "@smithy/protocol-http": "^3.1.1",
        "@smithy/signature-v4": "^2.1.1",
        "@smithy/types": "^2.9.1",
        "@smithy/util-middleware": "^2.1.1",
        "tslib": "^2.5.0"
      }
    },
    "@aws-sdk/middleware-user-agent": {
      "version": "3.511.0",
      "resolved": "https://registry.npmjs.org/@aws-sdk/middleware-user-agent/-/middleware-user-agent-3.511.0.tgz",
      "integrity": "sha512-eLs+CxP2QCXh3tCGYCdAml3oyWj8MSIwKbH+8rKw0k/5vmY1YJDBy526whOxx61ivhz2e0muuijN4X5EZZ2Pnw==",
      "requires": {
        "@aws-sdk/types": "3.511.0",
        "@aws-sdk/util-endpoints": "3.511.0",
        "@smithy/protocol-http": "^3.1.1",
        "@smithy/types": "^2.9.1",
        "tslib": "^2.5.0"
      }
    },
    "@aws-sdk/region-config-resolver": {
      "version": "3.511.0",
      "resolved": "https://registry.npmjs.org/@aws-sdk/region-config-resolver/-/region-config-resolver-3.511.0.tgz",
      "integrity": "sha512-RzBLSNaRd4iEkQyEGfiSNvSnWU/x23rsiFgA9tqYFA0Vqx7YmzSWC8QBUxpwybB8HkbbL9wNVKQqTbhI3mYneQ==",
      "requires": {
        "@aws-sdk/types": "3.511.0",
        "@smithy/node-config-provider": "^2.2.1",
        "@smithy/types": "^2.9.1",
        "@smithy/util-config-provider": "^2.2.1",
        "@smithy/util-middleware": "^2.1.1",
        "tslib": "^2.5.0"
      }
    },
    "@aws-sdk/token-providers": {
      "version": "3.511.0",
      "resolved": "https://registry.npmjs.org/@aws-sdk/token-providers/-/token-providers-3.511.0.tgz",
      "integrity": "sha512-92dXjMHBJcRoUkJHc0Bvtsz7Sal8t6VASRJ5vfs5c2ZpTVgLpVnM4dBmwUgGUdnvHov0cZTXbbadTJ/qOWx5Zw==",
      "requires": {
        "@aws-sdk/client-sso-oidc": "3.511.0",
        "@aws-sdk/types": "3.511.0",
        "@smithy/property-provider": "^2.1.1",
        "@smithy/shared-ini-file-loader": "^2.3.1",
        "@smithy/types": "^2.9.1",
        "tslib": "^2.5.0"
      }
    },
    "@aws-sdk/types": {
      "version": "3.511.0",
      "resolved": "https://registry.npmjs.org/@aws-sdk/types/-/types-3.511.0.tgz",
      "integrity": "sha512-P03ufufxmkvd7nO46oOeEqYIMPJ8qMCKxAsfJk1JBVPQ1XctVntbail4/UFnrnzij8DTl4Mk/D62uGo7+RolXA==",
      "requires": {
        "@smithy/types": "^2.9.1",
        "tslib": "^2.5.0"
      }
    },
    "@aws-sdk/util-dynamodb": {
      "version": "3.200.0",
      "resolved": "https://registry.npmjs.org/@aws-sdk/util-dynamodb/-/util-dynamodb-3.200.0.tgz",
      "integrity": "sha512-BD1yFHmxwWwNvq5qAwxynVXqlSXN5KK678huKHclJeWNK3/6ogROH3gzuGGiLpPCq2hcWTkOaVWnuDaid8O3LQ==",
      "requires": {
        "tslib": "^2.3.1"
      }
    },
    "@aws-sdk/util-endpoints": {
      "version": "3.511.0",
      "resolved": "https://registry.npmjs.org/@aws-sdk/util-endpoints/-/util-endpoints-3.511.0.tgz",
      "integrity": "sha512-J/5hsscJkg2pAOdLx1YKlyMCk5lFRxRxEtup9xipzOxVBlqOIE72Tuu31fbxSlF8XzO/AuCJcZL4m1v098K9oA==",
      "requires": {
        "@aws-sdk/types": "3.511.0",
        "@smithy/types": "^2.9.1",
        "@smithy/util-endpoints": "^1.1.1",
        "tslib": "^2.5.0"
      }
    },
    "@aws-sdk/util-locate-window": {
      "version": "3.188.0",
      "resolved": "https://registry.npmjs.org/@aws-sdk/util-locate-window/-/util-locate-window-3.188.0.tgz",
      "integrity": "sha512-SxobBVLZkkLSawTCfeQnhVX3Azm9O+C2dngZVe1+BqtF8+retUbVTs7OfYeWBlawVkULKF2e781lTzEHBBjCzw==",
      "requires": {
        "tslib": "^2.3.1"
      }
    },
    "@aws-sdk/util-user-agent-browser": {
      "version": "3.511.0",
      "resolved": "https://registry.npmjs.org/@aws-sdk/util-user-agent-browser/-/util-user-agent-browser-3.511.0.tgz",
      "integrity": "sha512-5LuESdwtIcA10aHcX7pde7aCIijcyTPBXFuXmFlDTgm/naAayQxelQDpvgbzuzGLgePf8eTyyhDKhzwPZ2EqiQ==",
      "requires": {
        "@aws-sdk/types": "3.511.0",
        "@smithy/types": "^2.9.1",
        "bowser": "^2.11.0",
        "tslib": "^2.5.0"
      }
    },
    "@aws-sdk/util-user-agent-node": {
      "version": "3.511.0",
      "resolved": "https://registry.npmjs.org/@aws-sdk/util-user-agent-node/-/util-user-agent-node-3.511.0.tgz",
      "integrity": "sha512-UopdlRvYY5mxlS4wwFv+QAWL6/T302wmoQj7i+RY+c/D3Ej3PKBb/mW3r2wEOgZLJmPpeeM1SYMk+rVmsW1rqw==",
      "requires": {
        "@aws-sdk/types": "3.511.0",
        "@smithy/node-config-provider": "^2.2.1",
        "@smithy/types": "^2.9.1",
        "tslib": "^2.5.0"
      }
    },
    "@aws-sdk/util-utf8-browser": {
      "version": "3.259.0",
      "resolved": "https://registry.npmjs.org/@aws-sdk/util-utf8-browser/-/util-utf8-browser-3.259.0.tgz",
      "integrity": "sha512-UvFa/vR+e19XookZF8RzFZBrw2EUkQWxiBW0yYQAhvk3C+QVGl0H3ouca8LDBlBfQKXwmW3huo/59H8rwb1wJw==",
      "requires": {
        "tslib": "^2.3.1"
      }
    },
    "@smithy/abort-controller": {
      "version": "2.1.3",
      "resolved": "https://registry.npmjs.org/@smithy/abort-controller/-/abort-controller-2.1.3.tgz",
      "integrity": "sha512-c2aYH2Wu1RVE3rLlVgg2kQOBJGM0WbjReQi5DnPTm2Zb7F0gk7J2aeQeaX2u/lQZoHl6gv8Oac7mt9alU3+f4A==",
      "requires": {
        "@smithy/types": "^2.10.1",
        "tslib": "^2.5.0"
      }
    },
    "@smithy/config-resolver": {
      "version": "2.1.4",
      "resolved": "https://registry.npmjs.org/@smithy/config-resolver/-/config-resolver-2.1.4.tgz",
      "integrity": "sha512-AW2WUZmBAzgO3V3ovKtsUbI3aBNMeQKFDumoqkNxaVDWF/xfnxAWqBKDr/NuG7c06N2Rm4xeZLPiJH/d+na0HA==",
      "requires": {
        "@smithy/node-config-provider": "^2.2.4",
        "@smithy/types": "^2.10.1",
        "@smithy/util-config-provider": "^2.2.1",
        "@smithy/util-middleware": "^2.1.3",
        "tslib": "^2.5.0"
      }
    },
    "@smithy/core": {
      "version": "1.3.5",
      "resolved": "https://registry.npmjs.org/@smithy/core/-/core-1.3.5.tgz",
      "integrity": "sha512-Rrc+e2Jj6Gu7Xbn0jvrzZlSiP2CZocIOfZ9aNUA82+1sa6GBnxqL9+iZ9EKHeD9aqD1nU8EK4+oN2EiFpSv7Yw==",
      "requires": {
        "@smithy/middleware-endpoint": "^2.4.4",
        "@smithy/middleware-retry": "^2.1.4",
        "@smithy/middleware-serde": "^2.1.3",
        "@smithy/protocol-http": "^3.2.1",
        "@smithy/smithy-client": "^2.4.2",
        "@smithy/types": "^2.10.1",
        "@smithy/util-middleware": "^2.1.3",
        "tslib": "^2.5.0"
      }
    },
    "@smithy/credential-provider-imds": {
      "version": "2.2.4",
      "resolved": "https://registry.npmjs.org/@smithy/credential-provider-imds/-/credential-provider-imds-2.2.4.tgz",
      "integrity": "sha512-DdatjmBZQnhGe1FhI8gO98f7NmvQFSDiZTwC3WMvLTCKQUY+Y1SVkhJqIuLu50Eb7pTheoXQmK+hKYUgpUWsNA==",
      "requires": {
        "@smithy/node-config-provider": "^2.2.4",
        "@smithy/property-provider": "^2.1.3",
        "@smithy/types": "^2.10.1",
        "@smithy/url-parser": "^2.1.3",
        "tslib": "^2.5.0"
      }
    },
    "@smithy/eventstream-codec": {
      "version": "2.1.3",
      "resolved": "https://registry.npmjs.org/@smithy/eventstream-codec/-/eventstream-codec-2.1.3.tgz",
      "integrity": "sha512-rGlCVuwSDv6qfKH4/lRxFjcZQnIE0LZ3D4lkMHg7ZSltK9rA74r0VuGSvWVQ4N/d70VZPaniFhp4Z14QYZsa+A==",
      "requires": {
        "@aws-crypto/crc32": "3.0.0",
        "@smithy/types": "^2.10.1",
        "@smithy/util-hex-encoding": "^2.1.1",
        "tslib": "^2.5.0"
      }
    },
    "@smithy/fetch-http-handler": {
      "version": "2.4.3",
      "resolved": "https://registry.npmjs.org/@smithy/fetch-http-handler/-/fetch-http-handler-2.4.3.tgz",
      "integrity": "sha512-Fn/KYJFo6L5I4YPG8WQb2hOmExgRmNpVH5IK2zU3JKrY5FKW7y9ar5e0BexiIC9DhSKqKX+HeWq/Y18fq7Dkpw==",
      "requires": {
        "@smithy/protocol-http": "^3.2.1",
        "@smithy/querystring-builder": "^2.1.3",
        "@smithy/types": "^2.10.1",
        "@smithy/util-base64": "^2.1.1",
        "tslib": "^2.5.0"
      }
    },
    "@smithy/hash-node": {
      "version": "2.1.3",
      "resolved": "https://registry.npmjs.org/@smithy/hash-node/-/hash-node-2.1.3.tgz",
      "integrity": "sha512-FsAPCUj7VNJIdHbSxMd5uiZiF20G2zdSDgrgrDrHqIs/VMxK85Vqk5kMVNNDMCZmMezp6UKnac0B4nAyx7HJ9g==",
      "requires": {
        "@smithy/types": "^2.10.1",
        "@smithy/util-buffer-from": "^2.1.1",
        "@smithy/util-utf8": "^2.1.1",
        "tslib": "^2.5.0"
      }
    },
    "@smithy/invalid-dependency": {
      "version": "2.1.3",
      "resolved": "https://registry.npmjs.org/@smithy/invalid-dependency/-/invalid-dependency-2.1.3.tgz",
      "integrity": "sha512-wkra7d/G4CbngV4xsjYyAYOvdAhahQje/WymuQdVEnXFExJopEu7fbL5AEAlBPgWHXwu94VnCSG00gVzRfExyg==",
      "requires": {
        "@smithy/types": "^2.10.1",
        "tslib": "^2.5.0"
      }
    },
    "@smithy/is-array-buffer": {
      "version": "2.1.1",
      "resolved": "https://registry.npmjs.org/@smithy/is-array-buffer/-/is-array-buffer-2.1.1.tgz",
      "integrity": "sha512-xozSQrcUinPpNPNPds4S7z/FakDTh1MZWtRP/2vQtYB/u3HYrX2UXuZs+VhaKBd6Vc7g2XPr2ZtwGBNDN6fNKQ==",
      "requires": {
        "tslib": "^2.5.0"
      }
    },
    "@smithy/middleware-content-length": {
      "version": "2.1.3",
      "resolved": "https://registry.npmjs.org/@smithy/middleware-content-length/-/middleware-content-length-2.1.3.tgz",
      "integrity": "sha512-aJduhkC+dcXxdnv5ZpM3uMmtGmVFKx412R1gbeykS5HXDmRU6oSsyy2SoHENCkfOGKAQOjVE2WVqDJibC0d21g==",
      "requires": {
        "@smithy/protocol-http": "^3.2.1",
        "@smithy/types": "^2.10.1",
        "tslib": "^2.5.0"
      }
    },
    "@smithy/middleware-endpoint": {
      "version": "2.4.4",
      "resolved": "https://registry.npmjs.org/@smithy/middleware-endpoint/-/middleware-endpoint-2.4.4.tgz",
      "integrity": "sha512-4yjHyHK2Jul4JUDBo2sTsWY9UshYUnXeb/TAK/MTaPEb8XQvDmpwSFnfIRDU45RY1a6iC9LCnmJNg/yHyfxqkw==",
      "requires": {
        "@smithy/middleware-serde": "^2.1.3",
        "@smithy/node-config-provider": "^2.2.4",
        "@smithy/shared-ini-file-loader": "^2.3.4",
        "@smithy/types": "^2.10.1",
        "@smithy/url-parser": "^2.1.3",
        "@smithy/util-middleware": "^2.1.3",
        "tslib": "^2.5.0"
      }
    },
    "@smithy/middleware-retry": {
      "version": "2.1.4",
      "resolved": "https://registry.npmjs.org/@smithy/middleware-retry/-/middleware-retry-2.1.4.tgz",
      "integrity": "sha512-Cyolv9YckZTPli1EkkaS39UklonxMd08VskiuMhURDjC0HHa/AD6aK/YoD21CHv9s0QLg0WMLvk9YeLTKkXaFQ==",
      "requires": {
        "@smithy/node-config-provider": "^2.2.4",
        "@smithy/protocol-http": "^3.2.1",
        "@smithy/service-error-classification": "^2.1.3",
        "@smithy/smithy-client": "^2.4.2",
        "@smithy/types": "^2.10.1",
        "@smithy/util-middleware": "^2.1.3",
        "@smithy/util-retry": "^2.1.3",
        "tslib": "^2.5.0",
        "uuid": "^8.3.2"
      }
    },
    "@smithy/middleware-serde": {
      "version": "2.1.3",
      "resolved": "https://registry.npmjs.org/@smithy/middleware-serde/-/middleware-serde-2.1.3.tgz",
      "integrity": "sha512-s76LId+TwASrHhUa9QS4k/zeXDUAuNuddKklQzRgumbzge5BftVXHXIqL4wQxKGLocPwfgAOXWx+HdWhQk9hTg==",
      "requires": {
        "@smithy/types": "^2.10.1",
        "tslib": "^2.5.0"
      }
    },
    "@smithy/middleware-stack": {
      "version": "2.1.3",
      "resolved": "https://registry.npmjs.org/@smithy/middleware-stack/-/middleware-stack-2.1.3.tgz",
      "integrity": "sha512-opMFufVQgvBSld/b7mD7OOEBxF6STyraVr1xel1j0abVILM8ALJvRoFbqSWHGmaDlRGIiV9Q5cGbWi0sdiEaLQ==",
      "requires": {
        "@smithy/types": "^2.10.1",
        "tslib": "^2.5.0"
      }
    },
    "@smithy/node-config-provider": {
      "version": "2.2.4",
      "resolved": "https://registry.npmjs.org/@smithy/node-config-provider/-/node-config-provider-2.2.4.tgz",
      "integrity": "sha512-nqazHCp8r4KHSFhRQ+T0VEkeqvA0U+RhehBSr1gunUuNW3X7j0uDrWBxB2gE9eutzy6kE3Y7L+Dov/UXT871vg==",
      "requires": {
        "@smithy/property-provider": "^2.1.3",
        "@smithy/shared-ini-file-loader": "^2.3.4",
        "@smithy/types": "^2.10.1",
        "tslib": "^2.5.0"
      }
    },
    "@smithy/node-http-handler": {
      "version": "2.4.1",
      "resolved": "https://registry.npmjs.org/@smithy/node-http-handler/-/node-http-handler-2.4.1.tgz",
      "integrity": "sha512-HCkb94soYhJMxPCa61wGKgmeKpJ3Gftx1XD6bcWEB2wMV1L9/SkQu/6/ysKBnbOzWRE01FGzwrTxucHypZ8rdg==",
      "requires": {
        "@smithy/abort-controller": "^2.1.3",
        "@smithy/protocol-http": "^3.2.1",
        "@smithy/querystring-builder": "^2.1.3",
        "@smithy/types": "^2.10.1",
        "tslib": "^2.5.0"
      }
    },
    "@smithy/property-provider": {
      "version": "2.1.3",
      "resolved": "https://registry.npmjs.org/@smithy/property-provider/-/property-provider-2.1.3.tgz",
      "integrity": "sha512-bMz3se+ySKWNrgm7eIiQMa2HO/0fl2D0HvLAdg9pTMcpgp4SqOAh6bz7Ik6y7uQqSrk4rLjIKgbQ6yzYgGehCQ==",
      "requires": {
        "@smithy/types": "^2.10.1",
        "tslib": "^2.5.0"
      }
    },
    "@smithy/protocol-http": {
      "version": "3.2.1",
      "resolved": "https://registry.npmjs.org/@smithy/protocol-http/-/protocol-http-3.2.1.tgz",
      "integrity": "sha512-KLrQkEw4yJCeAmAH7hctE8g9KwA7+H2nSJwxgwIxchbp/L0B5exTdOQi9D5HinPLlothoervGmhpYKelZ6AxIA==",
      "requires": {
        "@smithy/types": "^2.10.1",
        "tslib": "^2.5.0"
      }
    },
    "@smithy/querystring-builder": {
      "version": "2.1.3",
      "resolved": "https://registry.npmjs.org/@smithy/querystring-builder/-/querystring-builder-2.1.3.tgz",
      "integrity": "sha512-kFD3PnNqKELe6m9GRHQw/ftFFSZpnSeQD4qvgDB6BQN6hREHELSosVFUMPN4M3MDKN2jAwk35vXHLoDrNfKu0A==",
      "requires": {
        "@smithy/types": "^2.10.1",
        "@smithy/util-uri-escape": "^2.1.1",
        "tslib": "^2.5.0"
      }
    },
    "@smithy/querystring-parser": {
      "version": "2.1.3",
      "resolved": "https://registry.npmjs.org/@smithy/querystring-parser/-/querystring-parser-2.1.3.tgz",
      "integrity": "sha512-3+CWJoAqcBMR+yvz6D+Fc5VdoGFtfenW6wqSWATWajrRMGVwJGPT3Vy2eb2bnMktJc4HU4bpjeovFa566P3knQ==",
      "requires": {
        "@smithy/types": "^2.10.1",
        "tslib": "^2.5.0"
      }
    },
    "@smithy/service-error-classification": {
      "version": "2.1.3",
      "resolved": "https://registry.npmjs.org/@smithy/service-error-classification/-/service-error-classification-2.1.3.tgz",
      "integrity": "sha512-iUrpSsem97bbXHHT/v3s7vaq8IIeMo6P6cXdeYHrx0wOJpMeBGQF7CB0mbJSiTm3//iq3L55JiEm8rA7CTVI8A==",
      "requires": {
        "@smithy/types": "^2.10.1"
      }
    },
    "@smithy/shared-ini-file-loader": {
      "version": "2.3.4",
      "resolved": "https://registry.npmjs.org/@smithy/shared-ini-file-loader/-/shared-ini-file-loader-2.3.4.tgz",
      "integrity": "sha512-CiZmPg9GeDKbKmJGEFvJBsJcFnh0AQRzOtQAzj1XEa8N/0/uSN/v1LYzgO7ry8hhO8+9KB7+DhSW0weqBra4Aw==",
      "requires": {
        "@smithy/types": "^2.10.1",
        "tslib": "^2.5.0"
      }
    },
    "@smithy/signature-v4": {
      "version": "2.1.3",
      "resolved": "https://registry.npmjs.org/@smithy/signature-v4/-/signature-v4-2.1.3.tgz",
      "integrity": "sha512-Jq4iPPdCmJojZTsPePn4r1ULShh6ONkokLuxp1Lnk4Sq7r7rJp4HlA1LbPBq4bD64TIzQezIpr1X+eh5NYkNxw==",
      "requires": {
        "@smithy/eventstream-codec": "^2.1.3",
        "@smithy/is-array-buffer": "^2.1.1",
        "@smithy/types": "^2.10.1",
        "@smithy/util-hex-encoding": "^2.1.1",
        "@smithy/util-middleware": "^2.1.3",
        "@smithy/util-uri-escape": "^2.1.1",
        "@smithy/util-utf8": "^2.1.1",
        "tslib": "^2.5.0"
      }
    },
    "@smithy/smithy-client": {
      "version": "2.4.2",
      "resolved": "https://registry.npmjs.org/@smithy/smithy-client/-/smithy-client-2.4.2.tgz",
      "integrity": "sha512-ntAFYN51zu3N3mCd95YFcFi/8rmvm//uX+HnK24CRbI6k5Rjackn0JhgKz5zOx/tbNvOpgQIwhSX+1EvEsBLbA==",
      "requires": {
        "@smithy/middleware-endpoint": "^2.4.4",
        "@smithy/middleware-stack": "^2.1.3",
        "@smithy/protocol-http": "^3.2.1",
        "@smithy/types": "^2.10.1",
        "@smithy/util-stream": "^2.1.3",
        "tslib": "^2.5.0"
      }
    },
    "@smithy/types": {
      "version": "2.10.1",
      "resolved": "https://registry.npmjs.org/@smithy/types/-/types-2.10.1.tgz",
      "integrity": "sha512-hjQO+4ru4cQ58FluQvKKiyMsFg0A6iRpGm2kqdH8fniyNd2WyanoOsYJfMX/IFLuLxEoW6gnRkNZy1y6fUUhtA==",
      "requires": {
        "tslib": "^2.5.0"
      }
    },
    "@smithy/url-parser": {
      "version": "2.1.3",
      "resolved": "https://registry.npmjs.org/@smithy/url-parser/-/url-parser-2.1.3.tgz",
      "integrity": "sha512-X1NRA4WzK/ihgyzTpeGvI9Wn45y8HmqF4AZ/FazwAv8V203Ex+4lXqcYI70naX9ETqbqKVzFk88W6WJJzCggTQ==",
      "requires": {
        "@smithy/querystring-parser": "^2.1.3",
        "@smithy/types": "^2.10.1",
        "tslib": "^2.5.0"
      }
    },
    "@smithy/util-base64": {
      "version": "2.1.1",
      "resolved": "https://registry.npmjs.org/@smithy/util-base64/-/util-base64-2.1.1.tgz",
      "integrity": "sha512-UfHVpY7qfF/MrgndI5PexSKVTxSZIdz9InghTFa49QOvuu9I52zLPLUHXvHpNuMb1iD2vmc6R+zbv/bdMipR/g==",
      "requires": {
        "@smithy/util-buffer-from": "^2.1.1",
        "tslib": "^2.5.0"
      }
    },
    "@smithy/util-body-length-browser": {
      "version": "2.1.1",
      "resolved": "https://registry.npmjs.org/@smithy/util-body-length-browser/-/util-body-length-browser-2.1.1.tgz",
      "integrity": "sha512-ekOGBLvs1VS2d1zM2ER4JEeBWAvIOUKeaFch29UjjJsxmZ/f0L3K3x0dEETgh3Q9bkZNHgT+rkdl/J/VUqSRag==",
      "requires": {
        "tslib": "^2.5.0"
      }
    },
    "@smithy/util-body-length-node": {
      "version": "2.2.1",
      "resolved": "https://registry.npmjs.org/@smithy/util-body-length-node/-/util-body-length-node-2.2.1.tgz",
      "integrity": "sha512-/ggJG+ta3IDtpNVq4ktmEUtOkH1LW64RHB5B0hcr5ZaWBmo96UX2cIOVbjCqqDickTXqBWZ4ZO0APuaPrD7Abg==",
      "requires": {
        "tslib": "^2.5.0"
      }
    },
    "@smithy/util-buffer-from": {
      "version": "2.1.1",
      "resolved": "https://registry.npmjs.org/@smithy/util-buffer-from/-/util-buffer-from-2.1.1.tgz",
      "integrity": "sha512-clhNjbyfqIv9Md2Mg6FffGVrJxw7bgK7s3Iax36xnfVj6cg0fUG7I4RH0XgXJF8bxi+saY5HR21g2UPKSxVCXg==",
      "requires": {
        "@smithy/is-array-buffer": "^2.1.1",
        "tslib": "^2.5.0"
      }
    },
    "@smithy/util-config-provider": {
      "version": "2.2.1",
      "resolved": "https://registry.npmjs.org/@smithy/util-config-provider/-/util-config-provider-2.2.1.tgz",
      "integrity": "sha512-50VL/tx9oYYcjJn/qKqNy7sCtpD0+s8XEBamIFo4mFFTclKMNp+rsnymD796uybjiIquB7VCB/DeafduL0y2kw==",
      "requires": {
        "tslib": "^2.5.0"
      }
    },
    "@smithy/util-defaults-mode-browser": {
      "version": "2.1.4",
      "resolved": "https://registry.npmjs.org/@smithy/util-defaults-mode-browser/-/util-defaults-mode-browser-2.1.4.tgz",
      "integrity": "sha512-J6XAVY+/g7jf03QMnvqPyU+8jqGrrtXoKWFVOS+n1sz0Lg8HjHJ1ANqaDN+KTTKZRZlvG8nU5ZrJOUL6VdwgcQ==",
      "requires": {
        "@smithy/property-provider": "^2.1.3",
        "@smithy/smithy-client": "^2.4.2",
        "@smithy/types": "^2.10.1",
        "bowser": "^2.11.0",
        "tslib": "^2.5.0"
      }
    },
    "@smithy/util-defaults-mode-node": {
      "version": "2.2.3",
      "resolved": "https://registry.npmjs.org/@smithy/util-defaults-mode-node/-/util-defaults-mode-node-2.2.3.tgz",
      "integrity": "sha512-ttUISrv1uVOjTlDa3nznX33f0pthoUlP+4grhTvOzcLhzArx8qHB94/untGACOG3nlf8vU20nI2iWImfzoLkYA==",
      "requires": {
        "@smithy/config-resolver": "^2.1.4",
        "@smithy/credential-provider-imds": "^2.2.4",
        "@smithy/node-config-provider": "^2.2.4",
        "@smithy/property-provider": "^2.1.3",
        "@smithy/smithy-client": "^2.4.2",
        "@smithy/types": "^2.10.1",
        "tslib": "^2.5.0"
      }
    },
    "@smithy/util-endpoints": {
      "version": "1.1.4",
      "resolved": "https://registry.npmjs.org/@smithy/util-endpoints/-/util-endpoints-1.1.4.tgz",
      "integrity": "sha512-/qAeHmK5l4yQ4/bCIJ9p49wDe9rwWtOzhPHblu386fwPNT3pxmodgcs9jDCV52yK9b4rB8o9Sj31P/7Vzka1cg==",
      "requires": {
        "@smithy/node-config-provider": "^2.2.4",
        "@smithy/types": "^2.10.1",
        "tslib": "^2.5.0"
      }
    },
    "@smithy/util-hex-encoding": {
      "version": "2.1.1",
      "resolved": "https://registry.npmjs.org/@smithy/util-hex-encoding/-/util-hex-encoding-2.1.1.tgz",
      "integrity": "sha512-3UNdP2pkYUUBGEXzQI9ODTDK+Tcu1BlCyDBaRHwyxhA+8xLP8agEKQq4MGmpjqb4VQAjq9TwlCQX0kP6XDKYLg==",
      "requires": {
        "tslib": "^2.5.0"
      }
    },
    "@smithy/util-middleware": {
      "version": "2.1.3",
      "resolved": "https://registry.npmjs.org/@smithy/util-middleware/-/util-middleware-2.1.3.tgz",
      "integrity": "sha512-/+2fm7AZ2ozl5h8wM++ZP0ovE9/tiUUAHIbCfGfb3Zd3+Dyk17WODPKXBeJ/TnK5U+x743QmA0xHzlSm8I/qhw==",
      "requires": {
        "@smithy/types": "^2.10.1",
        "tslib": "^2.5.0"
      }
    },
    "@smithy/util-retry": {
      "version": "2.1.3",
      "resolved": "https://registry.npmjs.org/@smithy/util-retry/-/util-retry-2.1.3.tgz",
      "integrity": "sha512-Kbvd+GEMuozbNUU3B89mb99tbufwREcyx2BOX0X2+qHjq6Gvsah8xSDDgxISDwcOHoDqUWO425F0Uc/QIRhYkg==",
      "requires": {
        "@smithy/service-error-classification": "^2.1.3",
        "@smithy/types": "^2.10.1",
        "tslib": "^2.5.0"
      }
    },
    "@smithy/util-stream": {
      "version": "2.1.3",
      "resolved": "https://registry.npmjs.org/@smithy/util-stream/-/util-stream-2.1.3.tgz",
      "integrity": "sha512-HvpEQbP8raTy9n86ZfXiAkf3ezp1c3qeeO//zGqwZdrfaoOpGKQgF2Sv1IqZp7wjhna7pvczWaGUHjcOPuQwKw==",
      "requires": {
        "@smithy/fetch-http-handler": "^2.4.3",
        "@smithy/node-http-handler": "^2.4.1",
        "@smithy/types": "^2.10.1",
        "@smithy/util-base64": "^2.1.1",
        "@smithy/util-buffer-from": "^2.1.1",
        "@smithy/util-hex-encoding": "^2.1.1",
        "@smithy/util-utf8": "^2.1.1",
        "tslib": "^2.5.0"
      }
    },
    "@smithy/util-uri-escape": {
      "version": "2.1.1",
      "resolved": "https://registry.npmjs.org/@smithy/util-uri-escape/-/util-uri-escape-2.1.1.tgz",
      "integrity": "sha512-saVzI1h6iRBUVSqtnlOnc9ssU09ypo7n+shdQ8hBTZno/9rZ3AuRYvoHInV57VF7Qn7B+pFJG7qTzFiHxWlWBw==",
      "requires": {
        "tslib": "^2.5.0"
      }
    },
    "@smithy/util-utf8": {
      "version": "2.1.1",
      "resolved": "https://registry.npmjs.org/@smithy/util-utf8/-/util-utf8-2.1.1.tgz",
      "integrity": "sha512-BqTpzYEcUMDwAKr7/mVRUtHDhs6ZoXDi9NypMvMfOr/+u1NW7JgqodPDECiiLboEm6bobcPcECxzjtQh865e9A==",
      "requires": {
        "@smithy/util-buffer-from": "^2.1.1",
        "tslib": "^2.5.0"
      }
    },
    "@smithy/util-waiter": {
      "version": "2.1.3",
      "resolved": "https://registry.npmjs.org/@smithy/util-waiter/-/util-waiter-2.1.3.tgz",
      "integrity": "sha512-3R0wNFAQQoH9e4m+bVLDYNOst2qNxtxFgq03WoNHWTBOqQT3jFnOBRj1W51Rf563xDA5kwqjziksxn6RKkHB+Q==",
      "requires": {
        "@smithy/abort-controller": "^2.1.3",
        "@smithy/types": "^2.10.1",
        "tslib": "^2.5.0"
      }
    },
    "async": {
      "version": "3.2.4",
      "resolved": "https://registry.npmjs.org/async/-/async-3.2.4.tgz",
      "integrity": "sha512-iAB+JbDEGXhyIUavoDl9WP/Jj106Kz9DEn1DPgYw5ruDn0e3Wgi3sKFm55sASdGBNOQB8F59d9qQ7deqrHA8wQ=="
    },
    "bowser": {
      "version": "2.11.0",
      "resolved": "https://registry.npmjs.org/bowser/-/bowser-2.11.0.tgz",
      "integrity": "sha512-AlcaJBi/pqqJBIQ8U9Mcpc9i8Aqxn88Skv5d+xBX006BY5u8N3mGLHa5Lgppa7L/HfwgwLgZ6NYs+Ag6uUmJRA=="
    },
    "fast-xml-parser": {
      "version": "4.2.5",
      "resolved": "https://registry.npmjs.org/fast-xml-parser/-/fast-xml-parser-4.2.5.tgz",
      "integrity": "sha512-B9/wizE4WngqQftFPmdaMYlXoJlJOYxGQOanC77fq9k8+Z0v5dDSVh+3glErdIROP//s/jgb7ZuxKfB8nVyo0g==",
      "requires": {
        "strnum": "^1.0.5"
      }
    },
    "lodash.get": {
      "version": "4.4.2",
      "resolved": "https://registry.npmjs.org/lodash.get/-/lodash.get-4.4.2.tgz",
      "integrity": "sha512-z+Uw/vLuy6gQe8cfaFWD7p0wVv8fJl3mbzXh33RS+0oW2wvUqiRXiQ69gLWSLpgB5/6sU+r6BlQR0MBILadqTQ=="
    },
    "luxon": {
      "version": "3.1.0",
      "resolved": "https://registry.npmjs.org/luxon/-/luxon-3.1.0.tgz",
      "integrity": "sha512-7w6hmKC0/aoWnEsmPCu5Br54BmbmUp5GfcqBxQngRcXJ+q5fdfjEzn7dxmJh2YdDhgW8PccYtlWKSv4tQkrTQg=="
    },
    "mnemonist": {
      "version": "0.38.3",
      "resolved": "https://registry.npmjs.org/mnemonist/-/mnemonist-0.38.3.tgz",
      "integrity": "sha512-2K9QYubXx/NAjv4VLq1d1Ly8pWNC5L3BrixtdkyTegXWJIqY+zLNDhhX/A+ZwWt70tB1S8H4BE8FLYEFyNoOBw==",
      "requires": {
        "obliterator": "^1.6.1"
      }
    },
    "obliterator": {
      "version": "1.6.1",
      "resolved": "https://registry.npmjs.org/obliterator/-/obliterator-1.6.1.tgz",
      "integrity": "sha512-9WXswnqINnnhOG/5SLimUlzuU1hFJUc8zkwyD59Sd+dPOMf05PmnYG/d6Q7HZ+KmgkZJa1PxRso6QdM3sTNHig=="
    },
    "strnum": {
      "version": "1.0.5",
      "resolved": "https://registry.npmjs.org/strnum/-/strnum-1.0.5.tgz",
      "integrity": "sha512-J8bbNyKKXl5qYcR36TIO8W3mVGVHrmmxsd5PAItGkmyzwJvybiw2IVq5nqd0i4LSNSkB/sx9VHllbfFdr9k1JA=="
    },
    "tslib": {
      "version": "2.6.2",
      "resolved": "https://registry.npmjs.org/tslib/-/tslib-2.6.2.tgz",
      "integrity": "sha512-AEYxH93jGFPn/a2iVAwW87VuUIkR1FVUKB77NwMF7nBTDkDrrT/Hpt/IrCJ0QXhW27jTBDcf5ZY7w6RiqTMw2Q=="
    },
    "uuid": {
      "version": "8.3.2",
      "resolved": "https://registry.npmjs.org/uuid/-/uuid-8.3.2.tgz",
      "integrity": "sha512-+NYs2QeMWy+GWFOEm9xnn6HCDp0l7QBD7ml8zLUmJ+93Q5NF0NocErnwkTkXVFNiX3/fpC6afS8Dhb/gz7R7eg=="
    }
  }
}
