{
  "name": "DynamoDB",
  "version": "3.2.2",
  "lockfileVersion": 1,
  "requires": true,
  "dependencies": {
    "@aws-crypto/crc32": {
      "version": "3.0.0",
      "resolved": "https://registry.npmjs.org/@aws-crypto/crc32/-/crc32-3.0.0.tgz",
      "integrity": "sha512-IzSgsrxUcsrejQbPVilIKy16kAT52EwB6zSaI+M3xxIhKh5+aldEyvI+z6erM7TCLB2BJsFrtHjp6/4/sr+3dA==",
      "requires": {
        "@aws-crypto/util": "^3.0.0",
        "@aws-sdk/types": "^3.222.0",
        "tslib": "^1.11.1"
      },
      "dependencies": {
        "tslib": {
          "version": "1.14.1",
          "resolved": "https://registry.npmjs.org/tslib/-/tslib-1.14.1.tgz",
          "integrity": "sha512-Xni35NKzjgMrwevysHTCArtLDpPvye8zV/0E4EyYn43P7/7qvQwPh9BGkHewbMulVntbigmcT7rdX3BNo9wRJg=="
        }
      }
    },
    "@aws-crypto/ie11-detection": {
      "version": "3.0.0",
      "resolved": "https://registry.npmjs.org/@aws-crypto/ie11-detection/-/ie11-detection-3.0.0.tgz",
      "integrity": "sha512-341lBBkiY1DfDNKai/wXM3aujNBkXR7tq1URPQDL9wi3AUbI80NR74uF1TXHMm7po1AcnFk8iu2S2IeU/+/A+Q==",
      "requires": {
        "tslib": "^1.11.1"
      },
      "dependencies": {
        "tslib": {
          "version": "1.14.1",
          "resolved": "https://registry.npmjs.org/tslib/-/tslib-1.14.1.tgz",
          "integrity": "sha512-Xni35NKzjgMrwevysHTCArtLDpPvye8zV/0E4EyYn43P7/7qvQwPh9BGkHewbMulVntbigmcT7rdX3BNo9wRJg=="
        }
      }
    },
    "@aws-crypto/sha256-browser": {
      "version": "3.0.0",
      "resolved": "https://registry.npmjs.org/@aws-crypto/sha256-browser/-/sha256-browser-3.0.0.tgz",
      "integrity": "sha512-8VLmW2B+gjFbU5uMeqtQM6Nj0/F1bro80xQXCW6CQBWgosFWXTx77aeOF5CAIAmbOK64SdMBJdNr6J41yP5mvQ==",
      "requires": {
        "@aws-crypto/ie11-detection": "^3.0.0",
        "@aws-crypto/sha256-js": "^3.0.0",
        "@aws-crypto/supports-web-crypto": "^3.0.0",
        "@aws-crypto/util": "^3.0.0",
        "@aws-sdk/types": "^3.222.0",
        "@aws-sdk/util-locate-window": "^3.0.0",
        "@aws-sdk/util-utf8-browser": "^3.0.0",
        "tslib": "^1.11.1"
      },
      "dependencies": {
        "tslib": {
          "version": "1.14.1",
          "resolved": "https://registry.npmjs.org/tslib/-/tslib-1.14.1.tgz",
          "integrity": "sha512-Xni35NKzjgMrwevysHTCArtLDpPvye8zV/0E4EyYn43P7/7qvQwPh9BGkHewbMulVntbigmcT7rdX3BNo9wRJg=="
        }
      }
    },
    "@aws-crypto/sha256-js": {
      "version": "3.0.0",
      "resolved": "https://registry.npmjs.org/@aws-crypto/sha256-js/-/sha256-js-3.0.0.tgz",
      "integrity": "sha512-PnNN7os0+yd1XvXAy23CFOmTbMaDxgxXtTKHybrJ39Y8kGzBATgBFibWJKH6BhytLI/Zyszs87xCOBNyBig6vQ==",
      "requires": {
        "@aws-crypto/util": "^3.0.0",
        "@aws-sdk/types": "^3.222.0",
        "tslib": "^1.11.1"
      },
      "dependencies": {
        "tslib": {
          "version": "1.14.1",
          "resolved": "https://registry.npmjs.org/tslib/-/tslib-1.14.1.tgz",
          "integrity": "sha512-Xni35NKzjgMrwevysHTCArtLDpPvye8zV/0E4EyYn43P7/7qvQwPh9BGkHewbMulVntbigmcT7rdX3BNo9wRJg=="
        }
      }
    },
    "@aws-crypto/supports-web-crypto": {
      "version": "3.0.0",
      "resolved": "https://registry.npmjs.org/@aws-crypto/supports-web-crypto/-/supports-web-crypto-3.0.0.tgz",
      "integrity": "sha512-06hBdMwUAb2WFTuGG73LSC0wfPu93xWwo5vL2et9eymgmu3Id5vFAHBbajVWiGhPO37qcsdCap/FqXvJGJWPIg==",
      "requires": {
        "tslib": "^1.11.1"
      },
      "dependencies": {
        "tslib": {
          "version": "1.14.1",
          "resolved": "https://registry.npmjs.org/tslib/-/tslib-1.14.1.tgz",
          "integrity": "sha512-Xni35NKzjgMrwevysHTCArtLDpPvye8zV/0E4EyYn43P7/7qvQwPh9BGkHewbMulVntbigmcT7rdX3BNo9wRJg=="
        }
      }
    },
    "@aws-crypto/util": {
      "version": "3.0.0",
      "resolved": "https://registry.npmjs.org/@aws-crypto/util/-/util-3.0.0.tgz",
      "integrity": "sha512-2OJlpeJpCR48CC8r+uKVChzs9Iungj9wkZrl8Z041DWEWvyIHILYKCPNzJghKsivj+S3mLo6BVc7mBNzdxA46w==",
      "requires": {
        "@aws-sdk/types": "^3.222.0",
        "@aws-sdk/util-utf8-browser": "^3.0.0",
        "tslib": "^1.11.1"
      },
      "dependencies": {
        "tslib": {
          "version": "1.14.1",
          "resolved": "https://registry.npmjs.org/tslib/-/tslib-1.14.1.tgz",
          "integrity": "sha512-Xni35NKzjgMrwevysHTCArtLDpPvye8zV/0E4EyYn43P7/7qvQwPh9BGkHewbMulVntbigmcT7rdX3BNo9wRJg=="
        }
      }
    },
    "@aws-sdk/client-dynamodb": {
      "version": "3.507.0",
      "resolved": "https://registry.npmjs.org/@aws-sdk/client-dynamodb/-/client-dynamodb-3.507.0.tgz",
      "integrity": "sha512-h5n7zZ5m5l3qCd1ErXeF+6rV6mlqRvCEXm3PUYNMzDcBoLnrBFJt0rdk8x2V/qFsmE7fiEy4ZZAV8Bzkd3zNnQ==",
      "requires": {
        "@aws-crypto/sha256-browser": "3.0.0",
        "@aws-crypto/sha256-js": "3.0.0",
        "@aws-sdk/client-sts": "3.507.0",
        "@aws-sdk/core": "3.496.0",
        "@aws-sdk/credential-provider-node": "3.507.0",
        "@aws-sdk/middleware-endpoint-discovery": "3.502.0",
        "@aws-sdk/middleware-host-header": "3.502.0",
        "@aws-sdk/middleware-logger": "3.502.0",
        "@aws-sdk/middleware-recursion-detection": "3.502.0",
        "@aws-sdk/middleware-user-agent": "3.502.0",
        "@aws-sdk/region-config-resolver": "3.502.0",
        "@aws-sdk/types": "3.502.0",
        "@aws-sdk/util-endpoints": "3.502.0",
        "@aws-sdk/util-user-agent-browser": "3.502.0",
        "@aws-sdk/util-user-agent-node": "3.502.0",
        "@smithy/config-resolver": "^2.1.1",
        "@smithy/core": "^1.3.1",
        "@smithy/fetch-http-handler": "^2.4.1",
        "@smithy/hash-node": "^2.1.1",
        "@smithy/invalid-dependency": "^2.1.1",
        "@smithy/middleware-content-length": "^2.1.1",
        "@smithy/middleware-endpoint": "^2.4.1",
        "@smithy/middleware-retry": "^2.1.1",
        "@smithy/middleware-serde": "^2.1.1",
        "@smithy/middleware-stack": "^2.1.1",
        "@smithy/node-config-provider": "^2.2.1",
        "@smithy/node-http-handler": "^2.3.1",
        "@smithy/protocol-http": "^3.1.1",
        "@smithy/smithy-client": "^2.3.1",
        "@smithy/types": "^2.9.1",
        "@smithy/url-parser": "^2.1.1",
        "@smithy/util-base64": "^2.1.1",
        "@smithy/util-body-length-browser": "^2.1.1",
        "@smithy/util-body-length-node": "^2.2.1",
        "@smithy/util-defaults-mode-browser": "^2.1.1",
        "@smithy/util-defaults-mode-node": "^2.1.1",
        "@smithy/util-endpoints": "^1.1.1",
        "@smithy/util-middleware": "^2.1.1",
        "@smithy/util-retry": "^2.1.1",
        "@smithy/util-utf8": "^2.1.1",
        "@smithy/util-waiter": "^2.1.1",
        "tslib": "^2.5.0",
        "uuid": "^8.3.2"
      }
    },
    "@aws-sdk/client-sso": {
      "version": "3.507.0",
      "resolved": "https://registry.npmjs.org/@aws-sdk/client-sso/-/client-sso-3.507.0.tgz",
      "integrity": "sha512-pFeaKwqv4tXD6QVxWC2V4N62DUoP3bPSm/mCe2SPhaNjNsmwwA53viUHz/nwxIbs8w4vV44UQsygb0AgKm+HoQ==",
      "requires": {
        "@aws-crypto/sha256-browser": "3.0.0",
        "@aws-crypto/sha256-js": "3.0.0",
        "@aws-sdk/core": "3.496.0",
        "@aws-sdk/middleware-host-header": "3.502.0",
        "@aws-sdk/middleware-logger": "3.502.0",
        "@aws-sdk/middleware-recursion-detection": "3.502.0",
        "@aws-sdk/middleware-user-agent": "3.502.0",
        "@aws-sdk/region-config-resolver": "3.502.0",
        "@aws-sdk/types": "3.502.0",
        "@aws-sdk/util-endpoints": "3.502.0",
        "@aws-sdk/util-user-agent-browser": "3.502.0",
        "@aws-sdk/util-user-agent-node": "3.502.0",
        "@smithy/config-resolver": "^2.1.1",
        "@smithy/core": "^1.3.1",
        "@smithy/fetch-http-handler": "^2.4.1",
        "@smithy/hash-node": "^2.1.1",
        "@smithy/invalid-dependency": "^2.1.1",
        "@smithy/middleware-content-length": "^2.1.1",
        "@smithy/middleware-endpoint": "^2.4.1",
        "@smithy/middleware-retry": "^2.1.1",
        "@smithy/middleware-serde": "^2.1.1",
        "@smithy/middleware-stack": "^2.1.1",
        "@smithy/node-config-provider": "^2.2.1",
        "@smithy/node-http-handler": "^2.3.1",
        "@smithy/protocol-http": "^3.1.1",
        "@smithy/smithy-client": "^2.3.1",
        "@smithy/types": "^2.9.1",
        "@smithy/url-parser": "^2.1.1",
        "@smithy/util-base64": "^2.1.1",
        "@smithy/util-body-length-browser": "^2.1.1",
        "@smithy/util-body-length-node": "^2.2.1",
        "@smithy/util-defaults-mode-browser": "^2.1.1",
        "@smithy/util-defaults-mode-node": "^2.1.1",
        "@smithy/util-endpoints": "^1.1.1",
        "@smithy/util-retry": "^2.1.1",
        "@smithy/util-utf8": "^2.1.1",
        "tslib": "^2.5.0"
      }
    },
    "@aws-sdk/client-sso-oidc": {
      "version": "3.507.0",
      "resolved": "https://registry.npmjs.org/@aws-sdk/client-sso-oidc/-/client-sso-oidc-3.507.0.tgz",
      "integrity": "sha512-ms5CH2ImhqqCIbo5irxayByuPOlVAmSiqDVfjZKwgIziqng2bVgNZMeKcT6t0bmrcgScEAVnZwY7j/iZTIw73g==",
      "requires": {
        "@aws-crypto/sha256-browser": "3.0.0",
        "@aws-crypto/sha256-js": "3.0.0",
        "@aws-sdk/client-sts": "3.507.0",
        "@aws-sdk/core": "3.496.0",
        "@aws-sdk/middleware-host-header": "3.502.0",
        "@aws-sdk/middleware-logger": "3.502.0",
        "@aws-sdk/middleware-recursion-detection": "3.502.0",
        "@aws-sdk/middleware-signing": "3.502.0",
        "@aws-sdk/middleware-user-agent": "3.502.0",
        "@aws-sdk/region-config-resolver": "3.502.0",
        "@aws-sdk/types": "3.502.0",
        "@aws-sdk/util-endpoints": "3.502.0",
        "@aws-sdk/util-user-agent-browser": "3.502.0",
        "@aws-sdk/util-user-agent-node": "3.502.0",
        "@smithy/config-resolver": "^2.1.1",
        "@smithy/core": "^1.3.1",
        "@smithy/fetch-http-handler": "^2.4.1",
        "@smithy/hash-node": "^2.1.1",
        "@smithy/invalid-dependency": "^2.1.1",
        "@smithy/middleware-content-length": "^2.1.1",
        "@smithy/middleware-endpoint": "^2.4.1",
        "@smithy/middleware-retry": "^2.1.1",
        "@smithy/middleware-serde": "^2.1.1",
        "@smithy/middleware-stack": "^2.1.1",
        "@smithy/node-config-provider": "^2.2.1",
        "@smithy/node-http-handler": "^2.3.1",
        "@smithy/protocol-http": "^3.1.1",
        "@smithy/smithy-client": "^2.3.1",
        "@smithy/types": "^2.9.1",
        "@smithy/url-parser": "^2.1.1",
        "@smithy/util-base64": "^2.1.1",
        "@smithy/util-body-length-browser": "^2.1.1",
        "@smithy/util-body-length-node": "^2.2.1",
        "@smithy/util-defaults-mode-browser": "^2.1.1",
        "@smithy/util-defaults-mode-node": "^2.1.1",
        "@smithy/util-endpoints": "^1.1.1",
        "@smithy/util-retry": "^2.1.1",
        "@smithy/util-utf8": "^2.1.1",
        "tslib": "^2.5.0"
      }
    },
    "@aws-sdk/client-sts": {
      "version": "3.507.0",
      "resolved": "https://registry.npmjs.org/@aws-sdk/client-sts/-/client-sts-3.507.0.tgz",
      "integrity": "sha512-TOWBe0ApEh32QOib0R+irWGjd1F9wnhbGV5PcB9SakyRwvqwG5MKOfYxG7ocoDqLlaRwzZMidcy/PV8/OEVNKg==",
      "requires": {
        "@aws-crypto/sha256-browser": "3.0.0",
        "@aws-crypto/sha256-js": "3.0.0",
        "@aws-sdk/core": "3.496.0",
        "@aws-sdk/middleware-host-header": "3.502.0",
        "@aws-sdk/middleware-logger": "3.502.0",
        "@aws-sdk/middleware-recursion-detection": "3.502.0",
        "@aws-sdk/middleware-user-agent": "3.502.0",
        "@aws-sdk/region-config-resolver": "3.502.0",
        "@aws-sdk/types": "3.502.0",
        "@aws-sdk/util-endpoints": "3.502.0",
        "@aws-sdk/util-user-agent-browser": "3.502.0",
        "@aws-sdk/util-user-agent-node": "3.502.0",
        "@smithy/config-resolver": "^2.1.1",
        "@smithy/core": "^1.3.1",
        "@smithy/fetch-http-handler": "^2.4.1",
        "@smithy/hash-node": "^2.1.1",
        "@smithy/invalid-dependency": "^2.1.1",
        "@smithy/middleware-content-length": "^2.1.1",
        "@smithy/middleware-endpoint": "^2.4.1",
        "@smithy/middleware-retry": "^2.1.1",
        "@smithy/middleware-serde": "^2.1.1",
        "@smithy/middleware-stack": "^2.1.1",
        "@smithy/node-config-provider": "^2.2.1",
        "@smithy/node-http-handler": "^2.3.1",
        "@smithy/protocol-http": "^3.1.1",
        "@smithy/smithy-client": "^2.3.1",
        "@smithy/types": "^2.9.1",
        "@smithy/url-parser": "^2.1.1",
        "@smithy/util-base64": "^2.1.1",
        "@smithy/util-body-length-browser": "^2.1.1",
        "@smithy/util-body-length-node": "^2.2.1",
        "@smithy/util-defaults-mode-browser": "^2.1.1",
        "@smithy/util-defaults-mode-node": "^2.1.1",
        "@smithy/util-endpoints": "^1.1.1",
        "@smithy/util-middleware": "^2.1.1",
        "@smithy/util-retry": "^2.1.1",
        "@smithy/util-utf8": "^2.1.1",
        "fast-xml-parser": "4.2.5",
        "tslib": "^2.5.0"
      }
    },
    "@aws-sdk/core": {
      "version": "3.496.0",
      "resolved": "https://registry.npmjs.org/@aws-sdk/core/-/core-3.496.0.tgz",
      "integrity": "sha512-yT+ug7Cw/3eJi7x2es0+46x12+cIJm5Xv+GPWsrTFD1TKgqO/VPEgfDtHFagDNbFmjNQA65Ygc/kEdIX9ICX/A==",
      "requires": {
        "@smithy/core": "^1.3.1",
        "@smithy/protocol-http": "^3.1.1",
        "@smithy/signature-v4": "^2.1.1",
        "@smithy/smithy-client": "^2.3.1",
        "@smithy/types": "^2.9.1",
        "tslib": "^2.5.0"
      }
    },
    "@aws-sdk/credential-provider-env": {
      "version": "3.502.0",
      "resolved": "https://registry.npmjs.org/@aws-sdk/credential-provider-env/-/credential-provider-env-3.502.0.tgz",
      "integrity": "sha512-KIB8Ae1Z7domMU/jU4KiIgK4tmYgvuXlhR54ehwlVHxnEoFPoPuGHFZU7oFn79jhhSLUFQ1lRYMxP0cEwb7XeQ==",
      "requires": {
        "@aws-sdk/types": "3.502.0",
        "@smithy/property-provider": "^2.1.1",
        "@smithy/types": "^2.9.1",
        "tslib": "^2.5.0"
      }
    },
    "@aws-sdk/credential-provider-http": {
      "version": "3.503.1",
      "resolved": "https://registry.npmjs.org/@aws-sdk/credential-provider-http/-/credential-provider-http-3.503.1.tgz",
      "integrity": "sha512-rTdlFFGoPPFMF2YjtlfRuSgKI+XsF49u7d98255hySwhsbwd3Xp+utTTPquxP+CwDxMHbDlI7NxDzFiFdsoZug==",
      "requires": {
        "@aws-sdk/types": "3.502.0",
        "@smithy/fetch-http-handler": "^2.4.1",
        "@smithy/node-http-handler": "^2.3.1",
        "@smithy/property-provider": "^2.1.1",
        "@smithy/protocol-http": "^3.1.1",
        "@smithy/smithy-client": "^2.3.1",
        "@smithy/types": "^2.9.1",
        "@smithy/util-stream": "^2.1.1",
        "tslib": "^2.5.0"
      }
    },
    "@aws-sdk/credential-provider-ini": {
      "version": "3.507.0",
      "resolved": "https://registry.npmjs.org/@aws-sdk/credential-provider-ini/-/credential-provider-ini-3.507.0.tgz",
      "integrity": "sha512-2CnyduoR9COgd7qH1LPYK8UggGqVs8R4ASDMB5bwGxbg9ZerlStDiHpqvJNNg1k+VlejBr++utxfmHd236XgmQ==",
      "requires": {
        "@aws-sdk/client-sts": "3.507.0",
        "@aws-sdk/credential-provider-env": "3.502.0",
        "@aws-sdk/credential-provider-process": "3.502.0",
        "@aws-sdk/credential-provider-sso": "3.507.0",
        "@aws-sdk/credential-provider-web-identity": "3.507.0",
        "@aws-sdk/types": "3.502.0",
        "@smithy/credential-provider-imds": "^2.2.1",
        "@smithy/property-provider": "^2.1.1",
        "@smithy/shared-ini-file-loader": "^2.3.1",
        "@smithy/types": "^2.9.1",
        "tslib": "^2.5.0"
      }
    },
    "@aws-sdk/credential-provider-node": {
      "version": "3.507.0",
      "resolved": "https://registry.npmjs.org/@aws-sdk/credential-provider-node/-/credential-provider-node-3.507.0.tgz",
      "integrity": "sha512-tkQnmOLkRBXfMLgDYHzogrqTNdtl0Im0ipzJb2IV5hfM5NoTfCf795e9A9isgwjSP/g/YEU0xQWxa4lq8LRtuA==",
      "requires": {
        "@aws-sdk/credential-provider-env": "3.502.0",
        "@aws-sdk/credential-provider-http": "3.503.1",
        "@aws-sdk/credential-provider-ini": "3.507.0",
        "@aws-sdk/credential-provider-process": "3.502.0",
        "@aws-sdk/credential-provider-sso": "3.507.0",
        "@aws-sdk/credential-provider-web-identity": "3.507.0",
        "@aws-sdk/types": "3.502.0",
        "@smithy/credential-provider-imds": "^2.2.1",
        "@smithy/property-provider": "^2.1.1",
        "@smithy/shared-ini-file-loader": "^2.3.1",
        "@smithy/types": "^2.9.1",
        "tslib": "^2.5.0"
      }
    },
    "@aws-sdk/credential-provider-process": {
      "version": "3.502.0",
      "resolved": "https://registry.npmjs.org/@aws-sdk/credential-provider-process/-/credential-provider-process-3.502.0.tgz",
      "integrity": "sha512-fJJowOjQ4infYQX0E1J3xFVlmuwEYJAFk0Mo1qwafWmEthsBJs+6BR2RiWDELHKrSK35u4Pf3fu3RkYuCtmQFw==",
      "requires": {
        "@aws-sdk/types": "3.502.0",
        "@smithy/property-provider": "^2.1.1",
        "@smithy/shared-ini-file-loader": "^2.3.1",
        "@smithy/types": "^2.9.1",
        "tslib": "^2.5.0"
      }
    },
    "@aws-sdk/credential-provider-sso": {
      "version": "3.507.0",
      "resolved": "https://registry.npmjs.org/@aws-sdk/credential-provider-sso/-/credential-provider-sso-3.507.0.tgz",
      "integrity": "sha512-6WBjou52QukFpDi4ezb19bcAx/bM8ge8qnJnRT02WVRmU6zFQ5yLD2fW1MFsbX3cwbey+wSqKd5FGE1Hukd5wQ==",
      "requires": {
        "@aws-sdk/client-sso": "3.507.0",
        "@aws-sdk/token-providers": "3.507.0",
        "@aws-sdk/types": "3.502.0",
        "@smithy/property-provider": "^2.1.1",
        "@smithy/shared-ini-file-loader": "^2.3.1",
        "@smithy/types": "^2.9.1",
        "tslib": "^2.5.0"
      }
    },
    "@aws-sdk/credential-provider-web-identity": {
      "version": "3.507.0",
      "resolved": "https://registry.npmjs.org/@aws-sdk/credential-provider-web-identity/-/credential-provider-web-identity-3.507.0.tgz",
      "integrity": "sha512-f+aGMfazBimX7S06224JRYzGTaMh1uIhfj23tZylPJ05KxTVi5IO1RoqeI/uHLJ+bDOx+JHBC04g/oCdO4kHvw==",
      "requires": {
        "@aws-sdk/client-sts": "3.507.0",
        "@aws-sdk/types": "3.502.0",
        "@smithy/property-provider": "^2.1.1",
        "@smithy/types": "^2.9.1",
        "tslib": "^2.5.0"
      }
    },
    "@aws-sdk/endpoint-cache": {
      "version": "3.495.0",
      "resolved": "https://registry.npmjs.org/@aws-sdk/endpoint-cache/-/endpoint-cache-3.495.0.tgz",
      "integrity": "sha512-XCDrpiS50WaPzPzp7FwsChPHtX9PQQUU4nRzcn2N7IkUtpcFCUx8m1PAZe086VQr6hrbdeE4Z4j8hUPNwVdJGQ==",
      "requires": {
        "mnemonist": "0.38.3",
        "tslib": "^2.5.0"
      }
    },
    "@aws-sdk/middleware-endpoint-discovery": {
      "version": "3.502.0",
      "resolved": "https://registry.npmjs.org/@aws-sdk/middleware-endpoint-discovery/-/middleware-endpoint-discovery-3.502.0.tgz",
      "integrity": "sha512-DQBbyelebBshYPTb5ah25sAdMTQKYBUYE0If66sXHNUQAdUg28z076kE4E8p8RxyfGHqESN2MrqfIjQpEnjcqg==",
      "requires": {
        "@aws-sdk/endpoint-cache": "3.495.0",
        "@aws-sdk/types": "3.502.0",
        "@smithy/node-config-provider": "^2.2.1",
        "@smithy/protocol-http": "^3.1.1",
        "@smithy/types": "^2.9.1",
        "tslib": "^2.5.0"
      }
    },
    "@aws-sdk/middleware-host-header": {
      "version": "3.502.0",
      "resolved": "https://registry.npmjs.org/@aws-sdk/middleware-host-header/-/middleware-host-header-3.502.0.tgz",
      "integrity": "sha512-EjnG0GTYXT/wJBmm5/mTjDcAkzU8L7wQjOzd3FTXuTCNNyvAvwrszbOj5FlarEw5XJBbQiZtBs+I5u9+zy560w==",
      "requires": {
        "@aws-sdk/types": "3.502.0",
        "@smithy/protocol-http": "^3.1.1",
        "@smithy/types": "^2.9.1",
        "tslib": "^2.5.0"
      }
    },
    "@aws-sdk/middleware-logger": {
      "version": "3.502.0",
      "resolved": "https://registry.npmjs.org/@aws-sdk/middleware-logger/-/middleware-logger-3.502.0.tgz",
      "integrity": "sha512-FDyv6K4nCoHxbjLGS2H8ex8I0KDIiu4FJgVRPs140ZJy6gE5Pwxzv6YTzZGLMrnqcIs9gh065Lf6DjwMelZqaw==",
      "requires": {
        "@aws-sdk/types": "3.502.0",
        "@smithy/types": "^2.9.1",
        "tslib": "^2.5.0"
      }
    },
    "@aws-sdk/middleware-recursion-detection": {
      "version": "3.502.0",
      "resolved": "https://registry.npmjs.org/@aws-sdk/middleware-recursion-detection/-/middleware-recursion-detection-3.502.0.tgz",
      "integrity": "sha512-hvbyGJbxeuezxOu8VfFmcV4ql1hKXLxHTe5FNYfEBat2KaZXVhc1Hg+4TvB06/53p+E8J99Afmumkqbxs2esUA==",
      "requires": {
        "@aws-sdk/types": "3.502.0",
        "@smithy/protocol-http": "^3.1.1",
        "@smithy/types": "^2.9.1",
        "tslib": "^2.5.0"
      }
    },
    "@aws-sdk/middleware-signing": {
      "version": "3.502.0",
      "resolved": "https://registry.npmjs.org/@aws-sdk/middleware-signing/-/middleware-signing-3.502.0.tgz",
      "integrity": "sha512-4hF08vSzJ7L6sB+393gOFj3s2N6nLusYS0XrMW6wYNFU10IDdbf8Z3TZ7gysDJJHEGQPmTAesPEDBsasGWcMxg==",
      "requires": {
        "@aws-sdk/types": "3.502.0",
        "@smithy/property-provider": "^2.1.1",
        "@smithy/protocol-http": "^3.1.1",
        "@smithy/signature-v4": "^2.1.1",
        "@smithy/types": "^2.9.1",
        "@smithy/util-middleware": "^2.1.1",
        "tslib": "^2.5.0"
      }
    },
    "@aws-sdk/middleware-user-agent": {
      "version": "3.502.0",
      "resolved": "https://registry.npmjs.org/@aws-sdk/middleware-user-agent/-/middleware-user-agent-3.502.0.tgz",
      "integrity": "sha512-TxbBZbRiXPH0AUxegqiNd9aM9zNSbfjtBs5MEfcBsweeT/B2O7K1EjP9+CkB8Xmk/5FLKhAKLr19b1TNoE27rw==",
      "requires": {
        "@aws-sdk/types": "3.502.0",
        "@aws-sdk/util-endpoints": "3.502.0",
        "@smithy/protocol-http": "^3.1.1",
        "@smithy/types": "^2.9.1",
        "tslib": "^2.5.0"
      }
    },
    "@aws-sdk/region-config-resolver": {
      "version": "3.502.0",
      "resolved": "https://registry.npmjs.org/@aws-sdk/region-config-resolver/-/region-config-resolver-3.502.0.tgz",
      "integrity": "sha512-mxmsX2AGgnSM+Sah7mcQCIneOsJQNiLX0COwEttuf8eO+6cLMAZvVudH3BnWTfea4/A9nuri9DLCqBvEmPrilg==",
      "requires": {
        "@aws-sdk/types": "3.502.0",
        "@smithy/node-config-provider": "^2.2.1",
        "@smithy/types": "^2.9.1",
        "@smithy/util-config-provider": "^2.2.1",
        "@smithy/util-middleware": "^2.1.1",
        "tslib": "^2.5.0"
      }
    },
    "@aws-sdk/token-providers": {
      "version": "3.507.0",
      "resolved": "https://registry.npmjs.org/@aws-sdk/token-providers/-/token-providers-3.507.0.tgz",
      "integrity": "sha512-ehOINGjoGJc6Puzon7ev4bXckkaZx18WNgMTNttYJhj3vTpj5LPSQbI/5SS927bEbpGMFz1+hJ6Ra5WGfbTcEQ==",
      "requires": {
        "@aws-sdk/client-sso-oidc": "3.507.0",
        "@aws-sdk/types": "3.502.0",
        "@smithy/property-provider": "^2.1.1",
        "@smithy/shared-ini-file-loader": "^2.3.1",
        "@smithy/types": "^2.9.1",
        "tslib": "^2.5.0"
      }
    },
    "@aws-sdk/types": {
      "version": "3.502.0",
      "resolved": "https://registry.npmjs.org/@aws-sdk/types/-/types-3.502.0.tgz",
      "integrity": "sha512-M0DSPYe/gXhwD2QHgoukaZv5oDxhW3FfvYIrJptyqUq3OnPJBcDbihHjrE0PBtfh/9kgMZT60/fQ2NVFANfa2g==",
      "requires": {
        "@smithy/types": "^2.9.1",
        "tslib": "^2.5.0"
      }
    },
    "@aws-sdk/util-dynamodb": {
      "version": "3.200.0",
      "resolved": "https://registry.npmjs.org/@aws-sdk/util-dynamodb/-/util-dynamodb-3.200.0.tgz",
      "integrity": "sha512-BD1yFHmxwWwNvq5qAwxynVXqlSXN5KK678huKHclJeWNK3/6ogROH3gzuGGiLpPCq2hcWTkOaVWnuDaid8O3LQ==",
      "requires": {
        "tslib": "^2.3.1"
      }
    },
    "@aws-sdk/util-endpoints": {
      "version": "3.502.0",
      "resolved": "https://registry.npmjs.org/@aws-sdk/util-endpoints/-/util-endpoints-3.502.0.tgz",
      "integrity": "sha512-6LKFlJPp2J24r1Kpfoz5ESQn+1v5fEjDB3mtUKRdpwarhm3syu7HbKlHCF3KbcCOyahobvLvhoedT78rJFEeeg==",
      "requires": {
        "@aws-sdk/types": "3.502.0",
        "@smithy/types": "^2.9.1",
        "@smithy/util-endpoints": "^1.1.1",
        "tslib": "^2.5.0"
      }
    },
    "@aws-sdk/util-locate-window": {
      "version": "3.188.0",
      "resolved": "https://registry.npmjs.org/@aws-sdk/util-locate-window/-/util-locate-window-3.188.0.tgz",
      "integrity": "sha512-SxobBVLZkkLSawTCfeQnhVX3Azm9O+C2dngZVe1+BqtF8+retUbVTs7OfYeWBlawVkULKF2e781lTzEHBBjCzw==",
      "requires": {
        "tslib": "^2.3.1"
      }
    },
    "@aws-sdk/util-user-agent-browser": {
      "version": "3.502.0",
      "resolved": "https://registry.npmjs.org/@aws-sdk/util-user-agent-browser/-/util-user-agent-browser-3.502.0.tgz",
      "integrity": "sha512-v8gKyCs2obXoIkLETAeEQ3AM+QmhHhst9xbM1cJtKUGsRlVIak/XyyD+kVE6kmMm1cjfudHpHKABWk9apQcIZQ==",
      "requires": {
        "@aws-sdk/types": "3.502.0",
        "@smithy/types": "^2.9.1",
        "bowser": "^2.11.0",
        "tslib": "^2.5.0"
      }
    },
    "@aws-sdk/util-user-agent-node": {
      "version": "3.502.0",
      "resolved": "https://registry.npmjs.org/@aws-sdk/util-user-agent-node/-/util-user-agent-node-3.502.0.tgz",
      "integrity": "sha512-9RjxpkGZKbTdl96tIJvAo+vZoz4P/cQh36SBUt9xfRfW0BtsaLyvSrvlR5wyUYhvRcC12Axqh/8JtnAPq//+Vw==",
      "requires": {
        "@aws-sdk/types": "3.502.0",
        "@smithy/node-config-provider": "^2.2.1",
        "@smithy/types": "^2.9.1",
        "tslib": "^2.5.0"
      }
    },
    "@aws-sdk/util-utf8-browser": {
      "version": "3.259.0",
      "resolved": "https://registry.npmjs.org/@aws-sdk/util-utf8-browser/-/util-utf8-browser-3.259.0.tgz",
      "integrity": "sha512-UvFa/vR+e19XookZF8RzFZBrw2EUkQWxiBW0yYQAhvk3C+QVGl0H3ouca8LDBlBfQKXwmW3huo/59H8rwb1wJw==",
      "requires": {
        "tslib": "^2.3.1"
      }
    },
    "@smithy/abort-controller": {
      "version": "2.1.2",
      "resolved": "https://registry.npmjs.org/@smithy/abort-controller/-/abort-controller-2.1.2.tgz",
      "integrity": "sha512-iwUxrFm/ZFCXhzhtZ6JnoJzAsqUrVfBAZUTQj8ypXGtIjwXZpKqmgYiuqrDERiydDI5gesqvsC4Rqe57GGhbVg==",
      "requires": {
        "@smithy/types": "^2.10.0",
        "tslib": "^2.5.0"
      }
    },
    "@smithy/config-resolver": {
      "version": "2.1.2",
      "resolved": "https://registry.npmjs.org/@smithy/config-resolver/-/config-resolver-2.1.2.tgz",
      "integrity": "sha512-ZDMY63xJVsJl7ei/yIMv9nx8OiEOulwNnQOUDGpIvzoBrcbvYwiMjIMe5mP5J4fUmttKkpiTKwta/7IUriAn9w==",
      "requires": {
        "@smithy/node-config-provider": "^2.2.2",
        "@smithy/types": "^2.10.0",
        "@smithy/util-config-provider": "^2.2.1",
        "@smithy/util-middleware": "^2.1.2",
        "tslib": "^2.5.0"
      }
    },
    "@smithy/core": {
      "version": "1.3.3",
      "resolved": "https://registry.npmjs.org/@smithy/core/-/core-1.3.3.tgz",
      "integrity": "sha512-8cT/swERvU1EUMuJF914+psSeVy4+NcNhbRe1WEKN1yIMPE5+Tq5EaPq1HWjKCodcdBIyU9ViTjd62XnebXMHA==",
      "requires": {
        "@smithy/middleware-endpoint": "^2.4.2",
        "@smithy/middleware-retry": "^2.1.2",
        "@smithy/middleware-serde": "^2.1.2",
        "@smithy/protocol-http": "^3.2.0",
        "@smithy/smithy-client": "^2.4.0",
        "@smithy/types": "^2.10.0",
        "@smithy/util-middleware": "^2.1.2",
        "tslib": "^2.5.0"
      }
    },
    "@smithy/credential-provider-imds": {
      "version": "2.2.2",
      "resolved": "https://registry.npmjs.org/@smithy/credential-provider-imds/-/credential-provider-imds-2.2.2.tgz",
      "integrity": "sha512-a2xpqWzhzcYwImGbFox5qJLf6i5HKdVeOVj7d6kVFElmbS2QW2T4HmefRc5z1huVArk9bh5Rk1NiFp9YBCXU3g==",
      "requires": {
        "@smithy/node-config-provider": "^2.2.2",
        "@smithy/property-provider": "^2.1.2",
        "@smithy/types": "^2.10.0",
        "@smithy/url-parser": "^2.1.2",
        "tslib": "^2.5.0"
      }
    },
    "@smithy/eventstream-codec": {
      "version": "2.1.2",
      "resolved": "https://registry.npmjs.org/@smithy/eventstream-codec/-/eventstream-codec-2.1.2.tgz",
      "integrity": "sha512-2PHrVRixITHSOj3bxfZmY93apGf8/DFiyhRh9W0ukfi07cvlhlRonZ0fjgcqryJjUZ5vYHqqmfIE/Qe1HM9mlw==",
      "requires": {
        "@aws-crypto/crc32": "3.0.0",
        "@smithy/types": "^2.10.0",
        "@smithy/util-hex-encoding": "^2.1.1",
        "tslib": "^2.5.0"
      }
    },
    "@smithy/fetch-http-handler": {
      "version": "2.4.2",
      "resolved": "https://registry.npmjs.org/@smithy/fetch-http-handler/-/fetch-http-handler-2.4.2.tgz",
      "integrity": "sha512-sIGMVwa/8h6eqNjarI3F07gvML3mMXcqBe+BINNLuKsVKXMNBN6wRzeZbbx7lfiJDEHAP28qRns8flHEoBB7zw==",
      "requires": {
        "@smithy/protocol-http": "^3.2.0",
        "@smithy/querystring-builder": "^2.1.2",
        "@smithy/types": "^2.10.0",
        "@smithy/util-base64": "^2.1.1",
        "tslib": "^2.5.0"
      }
    },
    "@smithy/hash-node": {
      "version": "2.1.2",
      "resolved": "https://registry.npmjs.org/@smithy/hash-node/-/hash-node-2.1.2.tgz",
      "integrity": "sha512-3Sgn4s0g4xud1M/j6hQwYCkz04lVJ24wvCAx4xI26frr3Ao6v0o2VZkBpUySTeQbMUBp2DhuzJ0fV1zybzkckw==",
      "requires": {
        "@smithy/types": "^2.10.0",
        "@smithy/util-buffer-from": "^2.1.1",
        "@smithy/util-utf8": "^2.1.1",
        "tslib": "^2.5.0"
      }
    },
    "@smithy/invalid-dependency": {
      "version": "2.1.2",
      "resolved": "https://registry.npmjs.org/@smithy/invalid-dependency/-/invalid-dependency-2.1.2.tgz",
      "integrity": "sha512-qdgKhkFYxDJnKecx2ANwz3JRkXjm0qDgEnAs5BIfb2z/XqA2l7s9BTH7GTC/RR4E8h6EDCeb5rM2rnARxviqIg==",
      "requires": {
        "@smithy/types": "^2.10.0",
        "tslib": "^2.5.0"
      }
    },
    "@smithy/is-array-buffer": {
      "version": "2.1.1",
      "resolved": "https://registry.npmjs.org/@smithy/is-array-buffer/-/is-array-buffer-2.1.1.tgz",
      "integrity": "sha512-xozSQrcUinPpNPNPds4S7z/FakDTh1MZWtRP/2vQtYB/u3HYrX2UXuZs+VhaKBd6Vc7g2XPr2ZtwGBNDN6fNKQ==",
      "requires": {
        "tslib": "^2.5.0"
      }
    },
    "@smithy/middleware-content-length": {
      "version": "2.1.2",
      "resolved": "https://registry.npmjs.org/@smithy/middleware-content-length/-/middleware-content-length-2.1.2.tgz",
      "integrity": "sha512-XEWtul1tHP31EtUIobEyN499paUIbnCTRtjY+ciDCEXW81lZmpjrDG3aL0FxJDPnvatVQuMV1V5eg6MCqTFaLQ==",
      "requires": {
        "@smithy/protocol-http": "^3.2.0",
        "@smithy/types": "^2.10.0",
        "tslib": "^2.5.0"
      }
    },
    "@smithy/middleware-endpoint": {
      "version": "2.4.2",
      "resolved": "https://registry.npmjs.org/@smithy/middleware-endpoint/-/middleware-endpoint-2.4.2.tgz",
      "integrity": "sha512-72qbmVwaWcLOd/OT52fszrrlXywPwciwpsRiIk/dIvpcwkpGE9qrYZ2bt/SYcA/ma8Rz9Ni2AbBuSXLDYISS+A==",
      "requires": {
        "@smithy/middleware-serde": "^2.1.2",
        "@smithy/node-config-provider": "^2.2.2",
        "@smithy/shared-ini-file-loader": "^2.3.2",
        "@smithy/types": "^2.10.0",
        "@smithy/url-parser": "^2.1.2",
        "@smithy/util-middleware": "^2.1.2",
        "tslib": "^2.5.0"
      }
    },
    "@smithy/middleware-retry": {
      "version": "2.1.2",
      "resolved": "https://registry.npmjs.org/@smithy/middleware-retry/-/middleware-retry-2.1.2.tgz",
      "integrity": "sha512-tlvSK+v9bPHHb0dLWvEaFW2Iz0IeA57ISvSaso36I33u8F8wYqo5FCvenH7TgMVBx57jyJBXOmYCZa9n5gdJIg==",
      "requires": {
        "@smithy/node-config-provider": "^2.2.2",
        "@smithy/protocol-http": "^3.2.0",
        "@smithy/service-error-classification": "^2.1.2",
        "@smithy/smithy-client": "^2.4.0",
        "@smithy/types": "^2.10.0",
        "@smithy/util-middleware": "^2.1.2",
        "@smithy/util-retry": "^2.1.2",
        "tslib": "^2.5.0",
        "uuid": "^8.3.2"
      }
    },
    "@smithy/middleware-serde": {
      "version": "2.1.2",
      "resolved": "https://registry.npmjs.org/@smithy/middleware-serde/-/middleware-serde-2.1.2.tgz",
      "integrity": "sha512-XNU6aVIhlSbjuo2XsfZ7rd4HhjTXDlNWxAmhlBfViTW1TNK02CeWdeEntp5XtQKYD//pyTIbYi35EQvIidAkOw==",
      "requires": {
        "@smithy/types": "^2.10.0",
        "tslib": "^2.5.0"
      }
    },
    "@smithy/middleware-stack": {
      "version": "2.1.2",
      "resolved": "https://registry.npmjs.org/@smithy/middleware-stack/-/middleware-stack-2.1.2.tgz",
      "integrity": "sha512-EPGaHGd4XmZcaRYjbhyqiqN/Q/ESxXu5e5TK24CTZUe99y8/XCxmiX8VLMM4H0DI7K3yfElR0wPAAvceoSkTgw==",
      "requires": {
        "@smithy/types": "^2.10.0",
        "tslib": "^2.5.0"
      }
    },
    "@smithy/node-config-provider": {
      "version": "2.2.2",
      "resolved": "https://registry.npmjs.org/@smithy/node-config-provider/-/node-config-provider-2.2.2.tgz",
      "integrity": "sha512-QXvpqHSijAm13ZsVkUo92b085UzDvYP1LblWTb3uWi9WilhDvYnVyPLXaryLhOWZ2YvdhK2170T3ZBqtg+quIQ==",
      "requires": {
        "@smithy/property-provider": "^2.1.2",
        "@smithy/shared-ini-file-loader": "^2.3.2",
        "@smithy/types": "^2.10.0",
        "tslib": "^2.5.0"
      }
    },
    "@smithy/node-http-handler": {
      "version": "2.4.0",
      "resolved": "https://registry.npmjs.org/@smithy/node-http-handler/-/node-http-handler-2.4.0.tgz",
      "integrity": "sha512-Mf2f7MMy31W8LisJ9O+7J5cKiNwBwBBLU6biQ7/sFSFdhuOxPN7hOPoZ8vlaFjvrpfOUJw9YOpjGyNTKuvomOQ==",
      "requires": {
        "@smithy/abort-controller": "^2.1.2",
        "@smithy/protocol-http": "^3.2.0",
        "@smithy/querystring-builder": "^2.1.2",
        "@smithy/types": "^2.10.0",
        "tslib": "^2.5.0"
      }
    },
    "@smithy/property-provider": {
      "version": "2.1.2",
      "resolved": "https://registry.npmjs.org/@smithy/property-provider/-/property-provider-2.1.2.tgz",
      "integrity": "sha512-yaXCVFKzxbSXqOoyA7AdAgXhwdjiLeui7n2P6XLjBCz/GZFdLUJgSY6KL1PevaxT4REMwUSs/bSHAe/0jdzEHw==",
      "requires": {
        "@smithy/types": "^2.10.0",
        "tslib": "^2.5.0"
      }
    },
    "@smithy/protocol-http": {
      "version": "3.2.0",
      "resolved": "https://registry.npmjs.org/@smithy/protocol-http/-/protocol-http-3.2.0.tgz",
      "integrity": "sha512-VRp0YITYIQum+rX4zeZ3cW1wl9r90IQzQN+VLS1NxdSMt6NLsJiJqR9czTxlaeWNrLHsFAETmjmdrS48Ug1liA==",
      "requires": {
        "@smithy/types": "^2.10.0",
        "tslib": "^2.5.0"
      }
    },
    "@smithy/querystring-builder": {
      "version": "2.1.2",
      "resolved": "https://registry.npmjs.org/@smithy/querystring-builder/-/querystring-builder-2.1.2.tgz",
      "integrity": "sha512-wk6QpuvBBLJF5w8aADsZOtxaHY9cF5MZe1Ry3hSqqBxARdUrMoXi/jukUz5W0ftXGlbA398IN8dIIUj3WXqJXg==",
      "requires": {
        "@smithy/types": "^2.10.0",
        "@smithy/util-uri-escape": "^2.1.1",
        "tslib": "^2.5.0"
      }
    },
    "@smithy/querystring-parser": {
      "version": "2.1.2",
      "resolved": "https://registry.npmjs.org/@smithy/querystring-parser/-/querystring-parser-2.1.2.tgz",
      "integrity": "sha512-z1yL5Iiagm/UxVy1tcuTFZdfOBK/QtYeK6wfClAJ7cOY7kIaYR6jn1cVXXJmhAQSh1b2ljP4xiZN4Ybj7Tbs5w==",
      "requires": {
        "@smithy/types": "^2.10.0",
        "tslib": "^2.5.0"
      }
    },
    "@smithy/service-error-classification": {
      "version": "2.1.2",
      "resolved": "https://registry.npmjs.org/@smithy/service-error-classification/-/service-error-classification-2.1.2.tgz",
      "integrity": "sha512-R+gL1pAPuWkH6unFridk57wDH5PFY2IlVg2NUjSAjoaIaU+sxqKf/7AOWIcx9Bdn+xY0/4IRQ69urlC+F3I9gg==",
      "requires": {
        "@smithy/types": "^2.10.0"
      }
    },
    "@smithy/shared-ini-file-loader": {
      "version": "2.3.2",
      "resolved": "https://registry.npmjs.org/@smithy/shared-ini-file-loader/-/shared-ini-file-loader-2.3.2.tgz",
      "integrity": "sha512-idHGDJB+gBh+aaIjmWj6agmtNWftoyAenErky74hAtKyUaCvfocSBgEJ2pQ6o68svBluvGIj4NGFgJu0198mow==",
      "requires": {
        "@smithy/types": "^2.10.0",
        "tslib": "^2.5.0"
      }
    },
    "@smithy/signature-v4": {
      "version": "2.1.2",
      "resolved": "https://registry.npmjs.org/@smithy/signature-v4/-/signature-v4-2.1.2.tgz",
      "integrity": "sha512-DdPWaNGIbxzyocR3ncH8xlxQgsqteRADEdCPoivgBzwv17UzKy2obtdi2vwNc5lAJ955bGEkkWef9O7kc1Eocg==",
      "requires": {
        "@smithy/eventstream-codec": "^2.1.2",
        "@smithy/is-array-buffer": "^2.1.1",
        "@smithy/types": "^2.10.0",
        "@smithy/util-hex-encoding": "^2.1.1",
        "@smithy/util-middleware": "^2.1.2",
        "@smithy/util-uri-escape": "^2.1.1",
        "@smithy/util-utf8": "^2.1.1",
        "tslib": "^2.5.0"
      }
    },
    "@smithy/smithy-client": {
      "version": "2.4.0",
      "resolved": "https://registry.npmjs.org/@smithy/smithy-client/-/smithy-client-2.4.0.tgz",
      "integrity": "sha512-6/jxk0om9l2s9BcgHtrBn+Hd3xcFGDzxfEJ2FvGpZxIz0S7bgvZg1gyR66O1xf1w9WZBH+W7JClhfSn2gETINw==",
      "requires": {
        "@smithy/middleware-endpoint": "^2.4.2",
        "@smithy/middleware-stack": "^2.1.2",
        "@smithy/protocol-http": "^3.2.0",
        "@smithy/types": "^2.10.0",
        "@smithy/util-stream": "^2.1.2",
        "tslib": "^2.5.0"
      }
    },
    "@smithy/types": {
      "version": "2.10.0",
      "resolved": "https://registry.npmjs.org/@smithy/types/-/types-2.10.0.tgz",
      "integrity": "sha512-QYXQmpIebS8/jYXgyJjCanKZbI4Rr8tBVGBAIdDhA35f025TVjJNW69FJ0TGiDqt+lIGo037YIswq2t2Y1AYZQ==",
      "requires": {
        "tslib": "^2.5.0"
      }
    },
    "@smithy/url-parser": {
      "version": "2.1.2",
      "resolved": "https://registry.npmjs.org/@smithy/url-parser/-/url-parser-2.1.2.tgz",
      "integrity": "sha512-KBPi740ciTujUaY+RfQuPABD0QFmgSBN5qNVDCGTryfsbG4jkwC0YnElSzi72m24HegMyxzZDLG4Oh4/97mw2g==",
      "requires": {
        "@smithy/querystring-parser": "^2.1.2",
        "@smithy/types": "^2.10.0",
        "tslib": "^2.5.0"
      }
    },
    "@smithy/util-base64": {
      "version": "2.1.1",
      "resolved": "https://registry.npmjs.org/@smithy/util-base64/-/util-base64-2.1.1.tgz",
      "integrity": "sha512-UfHVpY7qfF/MrgndI5PexSKVTxSZIdz9InghTFa49QOvuu9I52zLPLUHXvHpNuMb1iD2vmc6R+zbv/bdMipR/g==",
      "requires": {
        "@smithy/util-buffer-from": "^2.1.1",
        "tslib": "^2.5.0"
      }
    },
    "@smithy/util-body-length-browser": {
      "version": "2.1.1",
      "resolved": "https://registry.npmjs.org/@smithy/util-body-length-browser/-/util-body-length-browser-2.1.1.tgz",
      "integrity": "sha512-ekOGBLvs1VS2d1zM2ER4JEeBWAvIOUKeaFch29UjjJsxmZ/f0L3K3x0dEETgh3Q9bkZNHgT+rkdl/J/VUqSRag==",
      "requires": {
        "tslib": "^2.5.0"
      }
    },
    "@smithy/util-body-length-node": {
      "version": "2.2.1",
      "resolved": "https://registry.npmjs.org/@smithy/util-body-length-node/-/util-body-length-node-2.2.1.tgz",
      "integrity": "sha512-/ggJG+ta3IDtpNVq4ktmEUtOkH1LW64RHB5B0hcr5ZaWBmo96UX2cIOVbjCqqDickTXqBWZ4ZO0APuaPrD7Abg==",
      "requires": {
        "tslib": "^2.5.0"
      }
    },
    "@smithy/util-buffer-from": {
      "version": "2.1.1",
      "resolved": "https://registry.npmjs.org/@smithy/util-buffer-from/-/util-buffer-from-2.1.1.tgz",
      "integrity": "sha512-clhNjbyfqIv9Md2Mg6FffGVrJxw7bgK7s3Iax36xnfVj6cg0fUG7I4RH0XgXJF8bxi+saY5HR21g2UPKSxVCXg==",
      "requires": {
        "@smithy/is-array-buffer": "^2.1.1",
        "tslib": "^2.5.0"
      }
    },
    "@smithy/util-config-provider": {
      "version": "2.2.1",
      "resolved": "https://registry.npmjs.org/@smithy/util-config-provider/-/util-config-provider-2.2.1.tgz",
      "integrity": "sha512-50VL/tx9oYYcjJn/qKqNy7sCtpD0+s8XEBamIFo4mFFTclKMNp+rsnymD796uybjiIquB7VCB/DeafduL0y2kw==",
      "requires": {
        "tslib": "^2.5.0"
      }
    },
    "@smithy/util-defaults-mode-browser": {
      "version": "2.1.2",
      "resolved": "https://registry.npmjs.org/@smithy/util-defaults-mode-browser/-/util-defaults-mode-browser-2.1.2.tgz",
      "integrity": "sha512-YmojdmsE7VbvFGJ/8btn/5etLm1HOQkgVX6nMWlB0yBL/Vb//s3aTebUJ66zj2+LNrBS3B9S+18+LQU72Yj0AQ==",
      "requires": {
        "@smithy/property-provider": "^2.1.2",
        "@smithy/smithy-client": "^2.4.0",
        "@smithy/types": "^2.10.0",
        "bowser": "^2.11.0",
        "tslib": "^2.5.0"
      }
    },
    "@smithy/util-defaults-mode-node": {
      "version": "2.2.1",
      "resolved": "https://registry.npmjs.org/@smithy/util-defaults-mode-node/-/util-defaults-mode-node-2.2.1.tgz",
      "integrity": "sha512-kof7M9Q2qP5yaQn8hHJL3KwozyvIfLe+ys7feifSul6gBAAeoraibo/MWqotb/I0fVLMlCMDwn7WXFsGUwnsew==",
      "requires": {
        "@smithy/config-resolver": "^2.1.2",
        "@smithy/credential-provider-imds": "^2.2.2",
        "@smithy/node-config-provider": "^2.2.2",
        "@smithy/property-provider": "^2.1.2",
        "@smithy/smithy-client": "^2.4.0",
        "@smithy/types": "^2.10.0",
        "tslib": "^2.5.0"
      }
    },
    "@smithy/util-endpoints": {
      "version": "1.1.2",
      "resolved": "https://registry.npmjs.org/@smithy/util-endpoints/-/util-endpoints-1.1.2.tgz",
      "integrity": "sha512-2/REfdcJ20y9iF+9kSBRBsaoGzjT5dZ3E6/TA45GHJuJAb/vZTj76VLTcrl2iN3fWXiDK1B8RxchaLGbr7RxxA==",
      "requires": {
        "@smithy/node-config-provider": "^2.2.2",
        "@smithy/types": "^2.10.0",
        "tslib": "^2.5.0"
      }
    },
    "@smithy/util-hex-encoding": {
      "version": "2.1.1",
      "resolved": "https://registry.npmjs.org/@smithy/util-hex-encoding/-/util-hex-encoding-2.1.1.tgz",
      "integrity": "sha512-3UNdP2pkYUUBGEXzQI9ODTDK+Tcu1BlCyDBaRHwyxhA+8xLP8agEKQq4MGmpjqb4VQAjq9TwlCQX0kP6XDKYLg==",
      "requires": {
        "tslib": "^2.5.0"
      }
    },
    "@smithy/util-middleware": {
      "version": "2.1.2",
      "resolved": "https://registry.npmjs.org/@smithy/util-middleware/-/util-middleware-2.1.2.tgz",
      "integrity": "sha512-lvSOnwQ7iAajtWb1nAyy0CkOIn8d+jGykQOtt2NXDsPzOTfejZM/Uph+O/TmVgWoXdcGuw5peUMG2f5xEIl6UQ==",
      "requires": {
        "@smithy/types": "^2.10.0",
        "tslib": "^2.5.0"
      }
    },
    "@smithy/util-retry": {
      "version": "2.1.2",
      "resolved": "https://registry.npmjs.org/@smithy/util-retry/-/util-retry-2.1.2.tgz",
      "integrity": "sha512-pqifOgRqwLfRu+ks3awEKKqPeYxrHLwo4Yu2EarGzeoarTd1LVEyyf5qLE6M7IiCsxnXRhn9FoWIdZOC+oC/VQ==",
      "requires": {
        "@smithy/service-error-classification": "^2.1.2",
        "@smithy/types": "^2.10.0",
        "tslib": "^2.5.0"
      }
    },
    "@smithy/util-stream": {
      "version": "2.1.2",
      "resolved": "https://registry.npmjs.org/@smithy/util-stream/-/util-stream-2.1.2.tgz",
      "integrity": "sha512-AbGjvoSok7YeUKv9WRVRSChQfsufLR54YCAabTbaABRdIucywRQs29em0uAP6r4RLj+4aFZStWGYpFgT0P8UlQ==",
      "requires": {
        "@smithy/fetch-http-handler": "^2.4.2",
        "@smithy/node-http-handler": "^2.4.0",
        "@smithy/types": "^2.10.0",
        "@smithy/util-base64": "^2.1.1",
        "@smithy/util-buffer-from": "^2.1.1",
        "@smithy/util-hex-encoding": "^2.1.1",
        "@smithy/util-utf8": "^2.1.1",
        "tslib": "^2.5.0"
      }
    },
    "@smithy/util-uri-escape": {
      "version": "2.1.1",
      "resolved": "https://registry.npmjs.org/@smithy/util-uri-escape/-/util-uri-escape-2.1.1.tgz",
      "integrity": "sha512-saVzI1h6iRBUVSqtnlOnc9ssU09ypo7n+shdQ8hBTZno/9rZ3AuRYvoHInV57VF7Qn7B+pFJG7qTzFiHxWlWBw==",
      "requires": {
        "tslib": "^2.5.0"
      }
    },
    "@smithy/util-utf8": {
      "version": "2.1.1",
      "resolved": "https://registry.npmjs.org/@smithy/util-utf8/-/util-utf8-2.1.1.tgz",
      "integrity": "sha512-BqTpzYEcUMDwAKr7/mVRUtHDhs6ZoXDi9NypMvMfOr/+u1NW7JgqodPDECiiLboEm6bobcPcECxzjtQh865e9A==",
      "requires": {
        "@smithy/util-buffer-from": "^2.1.1",
        "tslib": "^2.5.0"
      }
    },
    "@smithy/util-waiter": {
      "version": "2.1.2",
      "resolved": "https://registry.npmjs.org/@smithy/util-waiter/-/util-waiter-2.1.2.tgz",
      "integrity": "sha512-yxLC57GBDmbDmrnH+vJxsrbV4/aYUucBONkSRLZyJIVFAl/QJH+O/h+phITHDaxVZCYZAcudYJw4ERE32BJM7g==",
      "requires": {
        "@smithy/abort-controller": "^2.1.2",
        "@smithy/types": "^2.10.0",
        "tslib": "^2.5.0"
      }
    },
    "async": {
      "version": "3.2.4",
      "resolved": "https://registry.npmjs.org/async/-/async-3.2.4.tgz",
      "integrity": "sha512-iAB+JbDEGXhyIUavoDl9WP/Jj106Kz9DEn1DPgYw5ruDn0e3Wgi3sKFm55sASdGBNOQB8F59d9qQ7deqrHA8wQ=="
    },
    "bowser": {
      "version": "2.11.0",
      "resolved": "https://registry.npmjs.org/bowser/-/bowser-2.11.0.tgz",
      "integrity": "sha512-AlcaJBi/pqqJBIQ8U9Mcpc9i8Aqxn88Skv5d+xBX006BY5u8N3mGLHa5Lgppa7L/HfwgwLgZ6NYs+Ag6uUmJRA=="
    },
    "fast-xml-parser": {
      "version": "4.2.5",
      "resolved": "https://registry.npmjs.org/fast-xml-parser/-/fast-xml-parser-4.2.5.tgz",
      "integrity": "sha512-B9/wizE4WngqQftFPmdaMYlXoJlJOYxGQOanC77fq9k8+Z0v5dDSVh+3glErdIROP//s/jgb7ZuxKfB8nVyo0g==",
      "requires": {
        "strnum": "^1.0.5"
      }
    },
    "lodash.get": {
      "version": "4.4.2",
      "resolved": "https://registry.npmjs.org/lodash.get/-/lodash.get-4.4.2.tgz",
      "integrity": "sha512-z+Uw/vLuy6gQe8cfaFWD7p0wVv8fJl3mbzXh33RS+0oW2wvUqiRXiQ69gLWSLpgB5/6sU+r6BlQR0MBILadqTQ=="
    },
    "luxon": {
      "version": "3.1.0",
      "resolved": "https://registry.npmjs.org/luxon/-/luxon-3.1.0.tgz",
      "integrity": "sha512-7w6hmKC0/aoWnEsmPCu5Br54BmbmUp5GfcqBxQngRcXJ+q5fdfjEzn7dxmJh2YdDhgW8PccYtlWKSv4tQkrTQg=="
    },
    "mnemonist": {
      "version": "0.38.3",
      "resolved": "https://registry.npmjs.org/mnemonist/-/mnemonist-0.38.3.tgz",
      "integrity": "sha512-2K9QYubXx/NAjv4VLq1d1Ly8pWNC5L3BrixtdkyTegXWJIqY+zLNDhhX/A+ZwWt70tB1S8H4BE8FLYEFyNoOBw==",
      "requires": {
        "obliterator": "^1.6.1"
      }
    },
    "obliterator": {
      "version": "1.6.1",
      "resolved": "https://registry.npmjs.org/obliterator/-/obliterator-1.6.1.tgz",
      "integrity": "sha512-9WXswnqINnnhOG/5SLimUlzuU1hFJUc8zkwyD59Sd+dPOMf05PmnYG/d6Q7HZ+KmgkZJa1PxRso6QdM3sTNHig=="
    },
    "strnum": {
      "version": "1.0.5",
      "resolved": "https://registry.npmjs.org/strnum/-/strnum-1.0.5.tgz",
      "integrity": "sha512-J8bbNyKKXl5qYcR36TIO8W3mVGVHrmmxsd5PAItGkmyzwJvybiw2IVq5nqd0i4LSNSkB/sx9VHllbfFdr9k1JA=="
    },
    "tslib": {
      "version": "2.6.2",
      "resolved": "https://registry.npmjs.org/tslib/-/tslib-2.6.2.tgz",
      "integrity": "sha512-AEYxH93jGFPn/a2iVAwW87VuUIkR1FVUKB77NwMF7nBTDkDrrT/Hpt/IrCJ0QXhW27jTBDcf5ZY7w6RiqTMw2Q=="
    },
    "uuid": {
      "version": "8.3.2",
      "resolved": "https://registry.npmjs.org/uuid/-/uuid-8.3.2.tgz",
      "integrity": "sha512-+NYs2QeMWy+GWFOEm9xnn6HCDp0l7QBD7ml8zLUmJ+93Q5NF0NocErnwkTkXVFNiX3/fpC6afS8Dhb/gz7R7eg=="
    }
  }
}
